// !$*UTF8*$!
{
	archiveVersion = 1;
	classes = {
	};
	objectVersion = 46;
	objects = {

/* Begin PBXBuildFile section */
		1111A4031D48584C00C17B92 /* LXReorderableCollectionViewFlowLayout.m in Sources */ = {isa = PBXBuildFile; fileRef = 1111A4021D48584C00C17B92 /* LXReorderableCollectionViewFlowLayout.m */; };
		1111A4061D4886B300C17B92 /* SCNetRequsetManger.m in Sources */ = {isa = PBXBuildFile; fileRef = 1111A4051D4886B300C17B92 /* SCNetRequsetManger.m */; };
		1111A40B1D488C1E00C17B92 /* DNIPhoneInfo.m in Sources */ = {isa = PBXBuildFile; fileRef = 1111A40A1D488C1E00C17B92 /* DNIPhoneInfo.m */; };
		1111A40F1D488D8A00C17B92 /* SCUserInfoManger.m in Sources */ = {isa = PBXBuildFile; fileRef = 1111A40E1D488D8A00C17B92 /* SCUserInfoManger.m */; };
		1111A4121D48A62500C17B92 /* SCNetHelper.m in Sources */ = {isa = PBXBuildFile; fileRef = 1111A4111D48A62500C17B92 /* SCNetHelper.m */; };
		1111A4191D48A71300C17B92 /* QINetReachabilityManager.m in Sources */ = {isa = PBXBuildFile; fileRef = 1111A4141D48A71300C17B92 /* QINetReachabilityManager.m */; };
		1111A41A1D48A71300C17B92 /* QIReachability.m in Sources */ = {isa = PBXBuildFile; fileRef = 1111A4161D48A71300C17B92 /* QIReachability.m */; };
		1111A41B1D48A71300C17B92 /* Reachability.m in Sources */ = {isa = PBXBuildFile; fileRef = 1111A4181D48A71300C17B92 /* Reachability.m */; };
		1111A41F1D48A8D100C17B92 /* MBProgressHUD+Addidtion.m in Sources */ = {isa = PBXBuildFile; fileRef = 1111A41E1D48A8D100C17B92 /* MBProgressHUD+Addidtion.m */; };
		1111A4221D48B2E000C17B92 /* SCNetRequsetManger+Home.m in Sources */ = {isa = PBXBuildFile; fileRef = 1111A4211D48B2E000C17B92 /* SCNetRequsetManger+Home.m */; };
		1111A4281D48C51A00C17B92 /* SCLoadingView.m in Sources */ = {isa = PBXBuildFile; fileRef = 1111A4271D48C51A00C17B92 /* SCLoadingView.m */; };
		1112D74B1D405D51009A5C35 /* SCSlideHeaderLabel.m in Sources */ = {isa = PBXBuildFile; fileRef = 1112D74A1D405D51009A5C35 /* SCSlideHeaderLabel.m */; };
		1122FF651D4A22E900E6E8A2 /* NSArray+Log.m in Sources */ = {isa = PBXBuildFile; fileRef = 1122FF621D4A22E900E6E8A2 /* NSArray+Log.m */; };
		1122FF661D4A22E900E6E8A2 /* NSDictionary+Log.m in Sources */ = {isa = PBXBuildFile; fileRef = 1122FF641D4A22E900E6E8A2 /* NSDictionary+Log.m */; };
		113E62E81D49F63100FB8F3A /* SCFilmModel.m in Sources */ = {isa = PBXBuildFile; fileRef = 113E62E71D49F63100FB8F3A /* SCFilmModel.m */; };
		113F8D871D3C6FC800B12D39 /* SCDiscoveryViewController.m in Sources */ = {isa = PBXBuildFile; fileRef = 113F8D861D3C6FC800B12D39 /* SCDiscoveryViewController.m */; };
		113F8D8A1D3C6FE800B12D39 /* SCNewsViewController.m in Sources */ = {isa = PBXBuildFile; fileRef = 113F8D891D3C6FE800B12D39 /* SCNewsViewController.m */; };
		113F8D8D1D3C6FFB00B12D39 /* SCMineViewController.m in Sources */ = {isa = PBXBuildFile; fileRef = 113F8D8C1D3C6FFB00B12D39 /* SCMineViewController.m */; };
		113F8D991D3C724100B12D39 /* SCMainTabBarViewController.m in Sources */ = {isa = PBXBuildFile; fileRef = 113F8D981D3C724100B12D39 /* SCMainTabBarViewController.m */; };
		113F8D9B1D3C77E000B12D39 /* HomePage.storyboard in Resources */ = {isa = PBXBuildFile; fileRef = 113F8D9A1D3C77E000B12D39 /* HomePage.storyboard */; };
		113F8D9E1D3C86EF00B12D39 /* UIImage+Addition.m in Sources */ = {isa = PBXBuildFile; fileRef = 113F8D9D1D3C86EF00B12D39 /* UIImage+Addition.m */; };
		113F8DA11D3CAAC200B12D39 /* UIColor+Addition.m in Sources */ = {isa = PBXBuildFile; fileRef = 113F8DA01D3CAAC200B12D39 /* UIColor+Addition.m */; };
		11458E8E1D45D7E000EBD16D /* SCHomePageFlowLayout.m in Sources */ = {isa = PBXBuildFile; fileRef = 11458E8D1D45D7E000EBD16D /* SCHomePageFlowLayout.m */; };
		11458E921D45D86800EBD16D /* SCHomePageSectionBGReusableView.m in Sources */ = {isa = PBXBuildFile; fileRef = 11458E901D45D86800EBD16D /* SCHomePageSectionBGReusableView.m */; };
		11458E931D45D86800EBD16D /* SCHomePageSectionBGReusableView.xib in Resources */ = {isa = PBXBuildFile; fileRef = 11458E911D45D86800EBD16D /* SCHomePageSectionBGReusableView.xib */; };
		11458E971D45E0D500EBD16D /* SCDiscoveryTableViewCell.m in Sources */ = {isa = PBXBuildFile; fileRef = 11458E951D45E0D500EBD16D /* SCDiscoveryTableViewCell.m */; };
		11458E981D45E0D500EBD16D /* SCDiscoveryTableViewCell.xib in Resources */ = {isa = PBXBuildFile; fileRef = 11458E961D45E0D500EBD16D /* SCDiscoveryTableViewCell.xib */; };
		11458E9C1D45EECE00EBD16D /* SCDiscoveryCellModel.m in Sources */ = {isa = PBXBuildFile; fileRef = 11458E9B1D45EECE00EBD16D /* SCDiscoveryCellModel.m */; };
		11458EA21D45FEE200EBD16D /* SCMineTopCell.m in Sources */ = {isa = PBXBuildFile; fileRef = 11458EA01D45FEE200EBD16D /* SCMineTopCell.m */; };
		11458EA31D45FEE200EBD16D /* SCMineTopCell.xib in Resources */ = {isa = PBXBuildFile; fileRef = 11458EA11D45FEE200EBD16D /* SCMineTopCell.xib */; };
		11458EA71D45FF2D00EBD16D /* SCMineOtherCell.m in Sources */ = {isa = PBXBuildFile; fileRef = 11458EA51D45FF2D00EBD16D /* SCMineOtherCell.m */; };
		11458EA81D45FF2D00EBD16D /* SCMineOtherCell.xib in Resources */ = {isa = PBXBuildFile; fileRef = 11458EA61D45FF2D00EBD16D /* SCMineOtherCell.xib */; };
		115A21041D41B62D0097DE57 /* SCChannelCategoryVC.m in Sources */ = {isa = PBXBuildFile; fileRef = 115A21031D41B62D0097DE57 /* SCChannelCategoryVC.m */; };
		115A21071D41B9750097DE57 /* SCOtherBaseViewController.m in Sources */ = {isa = PBXBuildFile; fileRef = 115A21061D41B9750097DE57 /* SCOtherBaseViewController.m */; };
		115A21131D41F5BF0097DE57 /* SCTeleplayPlayerVC.m in Sources */ = {isa = PBXBuildFile; fileRef = 115A21121D41F5BF0097DE57 /* SCTeleplayPlayerVC.m */; };
		115A21161D41F5E30097DE57 /* SCMoivePlayerVC.m in Sources */ = {isa = PBXBuildFile; fileRef = 115A21151D41F5E30097DE57 /* SCMoivePlayerVC.m */; };
		115A21191D41F5FD0097DE57 /* SCArtsPlayerVC.m in Sources */ = {isa = PBXBuildFile; fileRef = 115A21181D41F5FD0097DE57 /* SCArtsPlayerVC.m */; };
		115A21271D4228750097DE57 /* SCMoiveAllEpisodesVC.m in Sources */ = {isa = PBXBuildFile; fileRef = 115A21261D4228750097DE57 /* SCMoiveAllEpisodesVC.m */; };
		115A212A1D42290C0097DE57 /* SCMoiveIntroduceVC.m in Sources */ = {isa = PBXBuildFile; fileRef = 115A21291D42290C0097DE57 /* SCMoiveIntroduceVC.m */; };
		115A212D1D42293D0097DE57 /* SCMoiveRecommendationVC.m in Sources */ = {isa = PBXBuildFile; fileRef = 115A212C1D42293D0097DE57 /* SCMoiveRecommendationVC.m */; };
		116475EE1D40977100A3BC1C /* SCOptionalVideoTableView.m in Sources */ = {isa = PBXBuildFile; fileRef = 116475ED1D40977100A3BC1C /* SCOptionalVideoTableView.m */; };
		116475F41D40988700A3BC1C /* SCOptionalVideoTableViewCell.m in Sources */ = {isa = PBXBuildFile; fileRef = 116475F21D40988700A3BC1C /* SCOptionalVideoTableViewCell.m */; };
		116475F51D40988700A3BC1C /* SCOptionalVideoTableViewCell.xib in Resources */ = {isa = PBXBuildFile; fileRef = 116475F31D40988700A3BC1C /* SCOptionalVideoTableViewCell.xib */; };
		116475F91D4098EF00A3BC1C /* SCPastVideoTableViewCell.m in Sources */ = {isa = PBXBuildFile; fileRef = 116475F71D4098EF00A3BC1C /* SCPastVideoTableViewCell.m */; };
		116475FA1D4098EF00A3BC1C /* SCPastVideoTableViewCell.xib in Resources */ = {isa = PBXBuildFile; fileRef = 116475F81D4098EF00A3BC1C /* SCPastVideoTableViewCell.xib */; };
		116475FD1D40ADDC00A3BC1C /* SCPastVideoTableView.m in Sources */ = {isa = PBXBuildFile; fileRef = 116475FC1D40ADDC00A3BC1C /* SCPastVideoTableView.m */; };
		116476041D40BA3D00A3BC1C /* SCChannelCatalogueVC.m in Sources */ = {isa = PBXBuildFile; fileRef = 116476031D40BA3D00A3BC1C /* SCChannelCatalogueVC.m */; };
		116476091D40CA8900A3BC1C /* SCChannelCatalogueCell.m in Sources */ = {isa = PBXBuildFile; fileRef = 116476071D40CA8900A3BC1C /* SCChannelCatalogueCell.m */; };
		1164760A1D40CA8900A3BC1C /* SCChannelCatalogueCell.xib in Resources */ = {isa = PBXBuildFile; fileRef = 116476081D40CA8900A3BC1C /* SCChannelCatalogueCell.xib */; };
		116E1D571D4AFAF800B488EC /* SCBannerModel.m in Sources */ = {isa = PBXBuildFile; fileRef = 116E1D561D4AFAF800B488EC /* SCBannerModel.m */; };
		116E1D5A1D4B40B700B488EC /* SCRankTopRowTableViewCell.m in Sources */ = {isa = PBXBuildFile; fileRef = 116E1D591D4B40B700B488EC /* SCRankTopRowTableViewCell.m */; };
		116E1D5E1D4B4E0200B488EC /* SCSiftViewController.m in Sources */ = {isa = PBXBuildFile; fileRef = 116E1D5D1D4B4E0200B488EC /* SCSiftViewController.m */; };
		116E1D611D4B5A9E00B488EC /* SCRemoteControlVC.m in Sources */ = {isa = PBXBuildFile; fileRef = 116E1D601D4B5A9E00B488EC /* SCRemoteControlVC.m */; };
		1190AC761D49F9EA004AAF23 /* SCFilmListModel.m in Sources */ = {isa = PBXBuildFile; fileRef = 1190AC751D49F9EA004AAF23 /* SCFilmListModel.m */; };
		1190AC791D4A00D9004AAF23 /* SCFilmClassModel.m in Sources */ = {isa = PBXBuildFile; fileRef = 1190AC781D4A00D9004AAF23 /* SCFilmClassModel.m */; };
		1196A0731D42650A00B3C5EF /* SCMovieEpisodeCell.m in Sources */ = {isa = PBXBuildFile; fileRef = 1196A0711D42650A00B3C5EF /* SCMovieEpisodeCell.m */; };
		1196A0741D42650A00B3C5EF /* SCMovieEpisodeCell.xib in Resources */ = {isa = PBXBuildFile; fileRef = 1196A0721D42650A00B3C5EF /* SCMovieEpisodeCell.xib */; };
		11A1D0681D3F433900E2BA0D /* UIView+Addition.m in Sources */ = {isa = PBXBuildFile; fileRef = 11A1D0671D3F433900E2BA0D /* UIView+Addition.m */; };
		11A1D06C1D3F508E00E2BA0D /* SCRankViewController.m in Sources */ = {isa = PBXBuildFile; fileRef = 11A1D06B1D3F508E00E2BA0D /* SCRankViewController.m */; };
		11A1D0701D3F62E800E2BA0D /* SCRankOtherCell.m in Sources */ = {isa = PBXBuildFile; fileRef = 11A1D06F1D3F62E800E2BA0D /* SCRankOtherCell.m */; };
		11A1D0721D3F62FD00E2BA0D /* SCRankOtherCell.xib in Resources */ = {isa = PBXBuildFile; fileRef = 11A1D0711D3F62FD00E2BA0D /* SCRankOtherCell.xib */; };
		11A1D0751D3F785600E2BA0D /* SCSearchViewController.m in Sources */ = {isa = PBXBuildFile; fileRef = 11A1D0741D3F785600E2BA0D /* SCSearchViewController.m */; };
		11BB37791D38B9A00002D487 /* main.m in Sources */ = {isa = PBXBuildFile; fileRef = 11BB37781D38B9A00002D487 /* main.m */; };
		11BB377C1D38B9A00002D487 /* AppDelegate.m in Sources */ = {isa = PBXBuildFile; fileRef = 11BB377B1D38B9A00002D487 /* AppDelegate.m */; };
		11BB37821D38B9A00002D487 /* Main.storyboard in Resources */ = {isa = PBXBuildFile; fileRef = 11BB37801D38B9A00002D487 /* Main.storyboard */; };
		11BB37841D38B9A00002D487 /* Assets.xcassets in Resources */ = {isa = PBXBuildFile; fileRef = 11BB37831D38B9A00002D487 /* Assets.xcassets */; };
		11BB37921D38B9A00002D487 /* SevenColorMoviesTests.m in Sources */ = {isa = PBXBuildFile; fileRef = 11BB37911D38B9A00002D487 /* SevenColorMoviesTests.m */; };
		11BB379D1D38B9A00002D487 /* SevenColorMoviesUITests.m in Sources */ = {isa = PBXBuildFile; fileRef = 11BB379C1D38B9A00002D487 /* SevenColorMoviesUITests.m */; };
		11BB37C81D38E3A00002D487 /* devEnvironment.plist in Resources */ = {isa = PBXBuildFile; fileRef = 11BB37C71D38E3A00002D487 /* devEnvironment.plist */; };
		11BB37CA1D38E3C20002D487 /* switchNetworkEnvironment.plist in Resources */ = {isa = PBXBuildFile; fileRef = 11BB37C91D38E3C20002D487 /* switchNetworkEnvironment.plist */; };
		11BB37D01D38E5C00002D487 /* Discovery.storyboard in Resources */ = {isa = PBXBuildFile; fileRef = 11BB37CF1D38E5C00002D487 /* Discovery.storyboard */; };
		11BB37D21D38E5C90002D487 /* News.storyboard in Resources */ = {isa = PBXBuildFile; fileRef = 11BB37D11D38E5C90002D487 /* News.storyboard */; };
		11BB37D41D38E5D10002D487 /* Mine.storyboard in Resources */ = {isa = PBXBuildFile; fileRef = 11BB37D31D38E5D10002D487 /* Mine.storyboard */; };
		11BB37D71D38E6650002D487 /* SCHomePageViewController.m in Sources */ = {isa = PBXBuildFile; fileRef = 11BB37D61D38E6650002D487 /* SCHomePageViewController.m */; };
		11BB37E01D38F0E00002D487 /* SCNetUrlManger.m in Sources */ = {isa = PBXBuildFile; fileRef = 11BB37DF1D38F0E00002D487 /* SCNetUrlManger.m */; };
		11BE83151D3CB56B00886CF6 /* SCSycleBanner.m in Sources */ = {isa = PBXBuildFile; fileRef = 11BE83141D3CB56B00886CF6 /* SCSycleBanner.m */; };
		11BE83181D3CBA1B00886CF6 /* BaseNavigationController.m in Sources */ = {isa = PBXBuildFile; fileRef = 11BE83171D3CBA1B00886CF6 /* BaseNavigationController.m */; };
		11BE831B1D3CBADF00886CF6 /* NavigationInteractiveTransition.m in Sources */ = {isa = PBXBuildFile; fileRef = 11BE831A1D3CBADF00886CF6 /* NavigationInteractiveTransition.m */; };
		11BE831E1D3CBB3E00886CF6 /* NavigationPopAnimation.m in Sources */ = {isa = PBXBuildFile; fileRef = 11BE831D1D3CBB3E00886CF6 /* NavigationPopAnimation.m */; };
		11C8CFBB1D45157B00C04F38 /* SCRankTopRowCollectionViewCell.m in Sources */ = {isa = PBXBuildFile; fileRef = 11C8CFB71D45157B00C04F38 /* SCRankTopRowCollectionViewCell.m */; };
		11C8CFBC1D45157B00C04F38 /* SCRankTopRowCollectionViewCell.xib in Resources */ = {isa = PBXBuildFile; fileRef = 11C8CFB81D45157B00C04F38 /* SCRankTopRowCollectionViewCell.xib */; };
		11D422541D49A1A400B4F9AE /* DONG_RefreshGifHeader.m in Sources */ = {isa = PBXBuildFile; fileRef = 11D422531D49A1A400B4F9AE /* DONG_RefreshGifHeader.m */; };
		11D422571D49A20800B4F9AE /* DONG_RefreshGifFooter.m in Sources */ = {isa = PBXBuildFile; fileRef = 11D422561D49A20800B4F9AE /* DONG_RefreshGifFooter.m */; };
		11D4225A1D49A42800B4F9AE /* SCComonFunc.m in Sources */ = {isa = PBXBuildFile; fileRef = 11D422591D49A42800B4F9AE /* SCComonFunc.m */; };
		11D4225C1D49A8EC00B4F9AE /* SCLoadingView.xib in Resources */ = {isa = PBXBuildFile; fileRef = 11D4225B1D49A8EC00B4F9AE /* SCLoadingView.xib */; };
		11D4225F1D49E83D00B4F9AE /* XMLDictionary.m in Sources */ = {isa = PBXBuildFile; fileRef = 11D4225E1D49E83D00B4F9AE /* XMLDictionary.m */; };
		11DC2BC11D3DCDEA00012480 /* SCDemandChannelCell.m in Sources */ = {isa = PBXBuildFile; fileRef = 11DC2BC01D3DCDEA00012480 /* SCDemandChannelCell.m */; };
		11DC2BC41D3DCE6700012480 /* SCDemandChannelItemCell.m in Sources */ = {isa = PBXBuildFile; fileRef = 11DC2BC31D3DCE6700012480 /* SCDemandChannelItemCell.m */; };
		11DC2BC61D3DD48400012480 /* SCDemandChannelItemCell.xib in Resources */ = {isa = PBXBuildFile; fileRef = 11DC2BC51D3DD48400012480 /* SCDemandChannelItemCell.xib */; };
		11DC2BCC1D3DD88600012480 /* IMB_DownImageView.m in Sources */ = {isa = PBXBuildFile; fileRef = 11DC2BCB1D3DD88600012480 /* IMB_DownImageView.m */; };
		11DC2BCF1D3DD8FE00012480 /* IMB_DownImageHelper.m in Sources */ = {isa = PBXBuildFile; fileRef = 11DC2BCE1D3DD8FE00012480 /* IMB_DownImageHelper.m */; };
		11DC2BD81D3DFC6800012480 /* UIImageView+Addition.m in Sources */ = {isa = PBXBuildFile; fileRef = 11DC2BD71D3DFC6800012480 /* UIImageView+Addition.m */; };
		11FACB491D3F16E100AAC216 /* SCBaseViewController.m in Sources */ = {isa = PBXBuildFile; fileRef = 11FACB481D3F16E100AAC216 /* SCBaseViewController.m */; };
		11FACB4C1D3F19A000AAC216 /* SCSearchBarView.m in Sources */ = {isa = PBXBuildFile; fileRef = 11FACB4B1D3F19A000AAC216 /* SCSearchBarView.m */; };
		E295801C8EBB6E7149DD009D /* libPods-SevenColorMovies.a in Frameworks */ = {isa = PBXBuildFile; fileRef = BC708BBEF15757C0083C8CE3 /* libPods-SevenColorMovies.a */; };
/* End PBXBuildFile section */

/* Begin PBXContainerItemProxy section */
		11BB378E1D38B9A00002D487 /* PBXContainerItemProxy */ = {
			isa = PBXContainerItemProxy;
			containerPortal = 11BB376C1D38B9A00002D487 /* Project object */;
			proxyType = 1;
			remoteGlobalIDString = 11BB37731D38B9A00002D487;
			remoteInfo = SevenColorMovies;
		};
		11BB37991D38B9A00002D487 /* PBXContainerItemProxy */ = {
			isa = PBXContainerItemProxy;
			containerPortal = 11BB376C1D38B9A00002D487 /* Project object */;
			proxyType = 1;
			remoteGlobalIDString = 11BB37731D38B9A00002D487;
			remoteInfo = SevenColorMovies;
		};
/* End PBXContainerItemProxy section */

/* Begin PBXFileReference section */
		1111A4011D48584C00C17B92 /* LXReorderableCollectionViewFlowLayout.h */ = {isa = PBXFileReference; fileEncoding = 4; lastKnownFileType = sourcecode.c.h; path = LXReorderableCollectionViewFlowLayout.h; sourceTree = "<group>"; };
		1111A4021D48584C00C17B92 /* LXReorderableCollectionViewFlowLayout.m */ = {isa = PBXFileReference; fileEncoding = 4; lastKnownFileType = sourcecode.c.objc; path = LXReorderableCollectionViewFlowLayout.m; sourceTree = "<group>"; };
		1111A4041D4886B300C17B92 /* SCNetRequsetManger.h */ = {isa = PBXFileReference; fileEncoding = 4; lastKnownFileType = sourcecode.c.h; path = SCNetRequsetManger.h; sourceTree = "<group>"; };
		1111A4051D4886B300C17B92 /* SCNetRequsetManger.m */ = {isa = PBXFileReference; fileEncoding = 4; lastKnownFileType = sourcecode.c.objc; path = SCNetRequsetManger.m; sourceTree = "<group>"; };
		1111A4091D488C1E00C17B92 /* DNIPhoneInfo.h */ = {isa = PBXFileReference; fileEncoding = 4; lastKnownFileType = sourcecode.c.h; path = DNIPhoneInfo.h; sourceTree = "<group>"; };
		1111A40A1D488C1E00C17B92 /* DNIPhoneInfo.m */ = {isa = PBXFileReference; fileEncoding = 4; lastKnownFileType = sourcecode.c.objc; path = DNIPhoneInfo.m; sourceTree = "<group>"; };
		1111A40D1D488D8A00C17B92 /* SCUserInfoManger.h */ = {isa = PBXFileReference; fileEncoding = 4; lastKnownFileType = sourcecode.c.h; path = SCUserInfoManger.h; sourceTree = "<group>"; };
		1111A40E1D488D8A00C17B92 /* SCUserInfoManger.m */ = {isa = PBXFileReference; fileEncoding = 4; lastKnownFileType = sourcecode.c.objc; path = SCUserInfoManger.m; sourceTree = "<group>"; };
		1111A4101D48A62500C17B92 /* SCNetHelper.h */ = {isa = PBXFileReference; fileEncoding = 4; lastKnownFileType = sourcecode.c.h; path = SCNetHelper.h; sourceTree = "<group>"; };
		1111A4111D48A62500C17B92 /* SCNetHelper.m */ = {isa = PBXFileReference; fileEncoding = 4; lastKnownFileType = sourcecode.c.objc; path = SCNetHelper.m; sourceTree = "<group>"; };
		1111A4131D48A71300C17B92 /* QINetReachabilityManager.h */ = {isa = PBXFileReference; fileEncoding = 4; lastKnownFileType = sourcecode.c.h; path = QINetReachabilityManager.h; sourceTree = "<group>"; };
		1111A4141D48A71300C17B92 /* QINetReachabilityManager.m */ = {isa = PBXFileReference; fileEncoding = 4; lastKnownFileType = sourcecode.c.objc; path = QINetReachabilityManager.m; sourceTree = "<group>"; };
		1111A4151D48A71300C17B92 /* QIReachability.h */ = {isa = PBXFileReference; fileEncoding = 4; lastKnownFileType = sourcecode.c.h; path = QIReachability.h; sourceTree = "<group>"; };
		1111A4161D48A71300C17B92 /* QIReachability.m */ = {isa = PBXFileReference; fileEncoding = 4; lastKnownFileType = sourcecode.c.objc; path = QIReachability.m; sourceTree = "<group>"; };
		1111A4171D48A71300C17B92 /* Reachability.h */ = {isa = PBXFileReference; fileEncoding = 4; lastKnownFileType = sourcecode.c.h; path = Reachability.h; sourceTree = "<group>"; };
		1111A4181D48A71300C17B92 /* Reachability.m */ = {isa = PBXFileReference; fileEncoding = 4; lastKnownFileType = sourcecode.c.objc; path = Reachability.m; sourceTree = "<group>"; };
		1111A41D1D48A8D100C17B92 /* MBProgressHUD+Addidtion.h */ = {isa = PBXFileReference; fileEncoding = 4; lastKnownFileType = sourcecode.c.h; path = "MBProgressHUD+Addidtion.h"; sourceTree = "<group>"; };
		1111A41E1D48A8D100C17B92 /* MBProgressHUD+Addidtion.m */ = {isa = PBXFileReference; fileEncoding = 4; lastKnownFileType = sourcecode.c.objc; path = "MBProgressHUD+Addidtion.m"; sourceTree = "<group>"; };
		1111A4201D48B2E000C17B92 /* SCNetRequsetManger+Home.h */ = {isa = PBXFileReference; fileEncoding = 4; lastKnownFileType = sourcecode.c.h; path = "SCNetRequsetManger+Home.h"; sourceTree = "<group>"; };
		1111A4211D48B2E000C17B92 /* SCNetRequsetManger+Home.m */ = {isa = PBXFileReference; fileEncoding = 4; lastKnownFileType = sourcecode.c.objc; path = "SCNetRequsetManger+Home.m"; sourceTree = "<group>"; };
		1111A4261D48C51A00C17B92 /* SCLoadingView.h */ = {isa = PBXFileReference; fileEncoding = 4; lastKnownFileType = sourcecode.c.h; path = SCLoadingView.h; sourceTree = "<group>"; };
		1111A4271D48C51A00C17B92 /* SCLoadingView.m */ = {isa = PBXFileReference; fileEncoding = 4; lastKnownFileType = sourcecode.c.objc; path = SCLoadingView.m; sourceTree = "<group>"; };
		1112D7491D405D51009A5C35 /* SCSlideHeaderLabel.h */ = {isa = PBXFileReference; fileEncoding = 4; lastKnownFileType = sourcecode.c.h; path = SCSlideHeaderLabel.h; sourceTree = "<group>"; };
		1112D74A1D405D51009A5C35 /* SCSlideHeaderLabel.m */ = {isa = PBXFileReference; fileEncoding = 4; lastKnownFileType = sourcecode.c.objc; path = SCSlideHeaderLabel.m; sourceTree = "<group>"; };
		1122FF611D4A22E900E6E8A2 /* NSArray+Log.h */ = {isa = PBXFileReference; fileEncoding = 4; lastKnownFileType = sourcecode.c.h; path = "NSArray+Log.h"; sourceTree = "<group>"; };
		1122FF621D4A22E900E6E8A2 /* NSArray+Log.m */ = {isa = PBXFileReference; fileEncoding = 4; lastKnownFileType = sourcecode.c.objc; path = "NSArray+Log.m"; sourceTree = "<group>"; };
		1122FF631D4A22E900E6E8A2 /* NSDictionary+Log.h */ = {isa = PBXFileReference; fileEncoding = 4; lastKnownFileType = sourcecode.c.h; path = "NSDictionary+Log.h"; sourceTree = "<group>"; };
		1122FF641D4A22E900E6E8A2 /* NSDictionary+Log.m */ = {isa = PBXFileReference; fileEncoding = 4; lastKnownFileType = sourcecode.c.objc; path = "NSDictionary+Log.m"; sourceTree = "<group>"; };
		113E62E61D49F63100FB8F3A /* SCFilmModel.h */ = {isa = PBXFileReference; fileEncoding = 4; lastKnownFileType = sourcecode.c.h; path = SCFilmModel.h; sourceTree = "<group>"; };
		113E62E71D49F63100FB8F3A /* SCFilmModel.m */ = {isa = PBXFileReference; fileEncoding = 4; lastKnownFileType = sourcecode.c.objc; path = SCFilmModel.m; sourceTree = "<group>"; };
		113F8D851D3C6FC800B12D39 /* SCDiscoveryViewController.h */ = {isa = PBXFileReference; fileEncoding = 4; lastKnownFileType = sourcecode.c.h; path = SCDiscoveryViewController.h; sourceTree = "<group>"; };
		113F8D861D3C6FC800B12D39 /* SCDiscoveryViewController.m */ = {isa = PBXFileReference; fileEncoding = 4; lastKnownFileType = sourcecode.c.objc; path = SCDiscoveryViewController.m; sourceTree = "<group>"; };
		113F8D881D3C6FE800B12D39 /* SCNewsViewController.h */ = {isa = PBXFileReference; fileEncoding = 4; lastKnownFileType = sourcecode.c.h; path = SCNewsViewController.h; sourceTree = "<group>"; };
		113F8D891D3C6FE800B12D39 /* SCNewsViewController.m */ = {isa = PBXFileReference; fileEncoding = 4; lastKnownFileType = sourcecode.c.objc; path = SCNewsViewController.m; sourceTree = "<group>"; };
		113F8D8B1D3C6FFB00B12D39 /* SCMineViewController.h */ = {isa = PBXFileReference; fileEncoding = 4; lastKnownFileType = sourcecode.c.h; path = SCMineViewController.h; sourceTree = "<group>"; };
		113F8D8C1D3C6FFB00B12D39 /* SCMineViewController.m */ = {isa = PBXFileReference; fileEncoding = 4; lastKnownFileType = sourcecode.c.objc; path = SCMineViewController.m; sourceTree = "<group>"; };
		113F8D971D3C724100B12D39 /* SCMainTabBarViewController.h */ = {isa = PBXFileReference; fileEncoding = 4; lastKnownFileType = sourcecode.c.h; path = SCMainTabBarViewController.h; sourceTree = "<group>"; };
		113F8D981D3C724100B12D39 /* SCMainTabBarViewController.m */ = {isa = PBXFileReference; fileEncoding = 4; lastKnownFileType = sourcecode.c.objc; path = SCMainTabBarViewController.m; sourceTree = "<group>"; };
		113F8D9A1D3C77E000B12D39 /* HomePage.storyboard */ = {isa = PBXFileReference; fileEncoding = 4; lastKnownFileType = file.storyboard; path = HomePage.storyboard; sourceTree = "<group>"; };
		113F8D9C1D3C86EF00B12D39 /* UIImage+Addition.h */ = {isa = PBXFileReference; fileEncoding = 4; lastKnownFileType = sourcecode.c.h; path = "UIImage+Addition.h"; sourceTree = "<group>"; };
		113F8D9D1D3C86EF00B12D39 /* UIImage+Addition.m */ = {isa = PBXFileReference; fileEncoding = 4; lastKnownFileType = sourcecode.c.objc; path = "UIImage+Addition.m"; sourceTree = "<group>"; };
		113F8D9F1D3CAAC200B12D39 /* UIColor+Addition.h */ = {isa = PBXFileReference; fileEncoding = 4; lastKnownFileType = sourcecode.c.h; path = "UIColor+Addition.h"; sourceTree = "<group>"; };
		113F8DA01D3CAAC200B12D39 /* UIColor+Addition.m */ = {isa = PBXFileReference; fileEncoding = 4; lastKnownFileType = sourcecode.c.objc; path = "UIColor+Addition.m"; sourceTree = "<group>"; };
		11458E8C1D45D7E000EBD16D /* SCHomePageFlowLayout.h */ = {isa = PBXFileReference; fileEncoding = 4; lastKnownFileType = sourcecode.c.h; path = SCHomePageFlowLayout.h; sourceTree = "<group>"; };
		11458E8D1D45D7E000EBD16D /* SCHomePageFlowLayout.m */ = {isa = PBXFileReference; fileEncoding = 4; lastKnownFileType = sourcecode.c.objc; path = SCHomePageFlowLayout.m; sourceTree = "<group>"; };
		11458E8F1D45D86800EBD16D /* SCHomePageSectionBGReusableView.h */ = {isa = PBXFileReference; fileEncoding = 4; lastKnownFileType = sourcecode.c.h; path = SCHomePageSectionBGReusableView.h; sourceTree = "<group>"; };
		11458E901D45D86800EBD16D /* SCHomePageSectionBGReusableView.m */ = {isa = PBXFileReference; fileEncoding = 4; lastKnownFileType = sourcecode.c.objc; path = SCHomePageSectionBGReusableView.m; sourceTree = "<group>"; };
		11458E911D45D86800EBD16D /* SCHomePageSectionBGReusableView.xib */ = {isa = PBXFileReference; fileEncoding = 4; lastKnownFileType = file.xib; path = SCHomePageSectionBGReusableView.xib; sourceTree = "<group>"; };
		11458E941D45E0D500EBD16D /* SCDiscoveryTableViewCell.h */ = {isa = PBXFileReference; fileEncoding = 4; lastKnownFileType = sourcecode.c.h; path = SCDiscoveryTableViewCell.h; sourceTree = "<group>"; };
		11458E951D45E0D500EBD16D /* SCDiscoveryTableViewCell.m */ = {isa = PBXFileReference; fileEncoding = 4; lastKnownFileType = sourcecode.c.objc; path = SCDiscoveryTableViewCell.m; sourceTree = "<group>"; };
		11458E961D45E0D500EBD16D /* SCDiscoveryTableViewCell.xib */ = {isa = PBXFileReference; fileEncoding = 4; lastKnownFileType = file.xib; path = SCDiscoveryTableViewCell.xib; sourceTree = "<group>"; };
		11458E9A1D45EECE00EBD16D /* SCDiscoveryCellModel.h */ = {isa = PBXFileReference; fileEncoding = 4; lastKnownFileType = sourcecode.c.h; path = SCDiscoveryCellModel.h; sourceTree = "<group>"; };
		11458E9B1D45EECE00EBD16D /* SCDiscoveryCellModel.m */ = {isa = PBXFileReference; fileEncoding = 4; lastKnownFileType = sourcecode.c.objc; path = SCDiscoveryCellModel.m; sourceTree = "<group>"; };
		11458E9F1D45FEE200EBD16D /* SCMineTopCell.h */ = {isa = PBXFileReference; fileEncoding = 4; lastKnownFileType = sourcecode.c.h; path = SCMineTopCell.h; sourceTree = "<group>"; };
		11458EA01D45FEE200EBD16D /* SCMineTopCell.m */ = {isa = PBXFileReference; fileEncoding = 4; lastKnownFileType = sourcecode.c.objc; path = SCMineTopCell.m; sourceTree = "<group>"; };
		11458EA11D45FEE200EBD16D /* SCMineTopCell.xib */ = {isa = PBXFileReference; fileEncoding = 4; lastKnownFileType = file.xib; path = SCMineTopCell.xib; sourceTree = "<group>"; };
		11458EA41D45FF2D00EBD16D /* SCMineOtherCell.h */ = {isa = PBXFileReference; fileEncoding = 4; lastKnownFileType = sourcecode.c.h; path = SCMineOtherCell.h; sourceTree = "<group>"; };
		11458EA51D45FF2D00EBD16D /* SCMineOtherCell.m */ = {isa = PBXFileReference; fileEncoding = 4; lastKnownFileType = sourcecode.c.objc; path = SCMineOtherCell.m; sourceTree = "<group>"; };
		11458EA61D45FF2D00EBD16D /* SCMineOtherCell.xib */ = {isa = PBXFileReference; fileEncoding = 4; lastKnownFileType = file.xib; path = SCMineOtherCell.xib; sourceTree = "<group>"; };
		115A21021D41B62D0097DE57 /* SCChannelCategoryVC.h */ = {isa = PBXFileReference; fileEncoding = 4; lastKnownFileType = sourcecode.c.h; path = SCChannelCategoryVC.h; sourceTree = "<group>"; };
		115A21031D41B62D0097DE57 /* SCChannelCategoryVC.m */ = {isa = PBXFileReference; fileEncoding = 4; lastKnownFileType = sourcecode.c.objc; path = SCChannelCategoryVC.m; sourceTree = "<group>"; };
		115A21051D41B9750097DE57 /* SCOtherBaseViewController.h */ = {isa = PBXFileReference; fileEncoding = 4; lastKnownFileType = sourcecode.c.h; path = SCOtherBaseViewController.h; sourceTree = "<group>"; };
		115A21061D41B9750097DE57 /* SCOtherBaseViewController.m */ = {isa = PBXFileReference; fileEncoding = 4; lastKnownFileType = sourcecode.c.objc; path = SCOtherBaseViewController.m; sourceTree = "<group>"; };
		115A21111D41F5BF0097DE57 /* SCTeleplayPlayerVC.h */ = {isa = PBXFileReference; fileEncoding = 4; lastKnownFileType = sourcecode.c.h; path = SCTeleplayPlayerVC.h; sourceTree = "<group>"; };
		115A21121D41F5BF0097DE57 /* SCTeleplayPlayerVC.m */ = {isa = PBXFileReference; fileEncoding = 4; lastKnownFileType = sourcecode.c.objc; path = SCTeleplayPlayerVC.m; sourceTree = "<group>"; };
		115A21141D41F5E30097DE57 /* SCMoivePlayerVC.h */ = {isa = PBXFileReference; fileEncoding = 4; lastKnownFileType = sourcecode.c.h; path = SCMoivePlayerVC.h; sourceTree = "<group>"; };
		115A21151D41F5E30097DE57 /* SCMoivePlayerVC.m */ = {isa = PBXFileReference; fileEncoding = 4; lastKnownFileType = sourcecode.c.objc; path = SCMoivePlayerVC.m; sourceTree = "<group>"; };
		115A21171D41F5FD0097DE57 /* SCArtsPlayerVC.h */ = {isa = PBXFileReference; fileEncoding = 4; lastKnownFileType = sourcecode.c.h; path = SCArtsPlayerVC.h; sourceTree = "<group>"; };
		115A21181D41F5FD0097DE57 /* SCArtsPlayerVC.m */ = {isa = PBXFileReference; fileEncoding = 4; lastKnownFileType = sourcecode.c.objc; path = SCArtsPlayerVC.m; sourceTree = "<group>"; };
		115A21251D4228750097DE57 /* SCMoiveAllEpisodesVC.h */ = {isa = PBXFileReference; fileEncoding = 4; lastKnownFileType = sourcecode.c.h; path = SCMoiveAllEpisodesVC.h; sourceTree = "<group>"; };
		115A21261D4228750097DE57 /* SCMoiveAllEpisodesVC.m */ = {isa = PBXFileReference; fileEncoding = 4; lastKnownFileType = sourcecode.c.objc; path = SCMoiveAllEpisodesVC.m; sourceTree = "<group>"; };
		115A21281D42290C0097DE57 /* SCMoiveIntroduceVC.h */ = {isa = PBXFileReference; fileEncoding = 4; lastKnownFileType = sourcecode.c.h; path = SCMoiveIntroduceVC.h; sourceTree = "<group>"; };
		115A21291D42290C0097DE57 /* SCMoiveIntroduceVC.m */ = {isa = PBXFileReference; fileEncoding = 4; lastKnownFileType = sourcecode.c.objc; path = SCMoiveIntroduceVC.m; sourceTree = "<group>"; };
		115A212B1D42293D0097DE57 /* SCMoiveRecommendationVC.h */ = {isa = PBXFileReference; fileEncoding = 4; lastKnownFileType = sourcecode.c.h; path = SCMoiveRecommendationVC.h; sourceTree = "<group>"; };
		115A212C1D42293D0097DE57 /* SCMoiveRecommendationVC.m */ = {isa = PBXFileReference; fileEncoding = 4; lastKnownFileType = sourcecode.c.objc; path = SCMoiveRecommendationVC.m; sourceTree = "<group>"; };
		116475EC1D40977100A3BC1C /* SCOptionalVideoTableView.h */ = {isa = PBXFileReference; fileEncoding = 4; lastKnownFileType = sourcecode.c.h; path = SCOptionalVideoTableView.h; sourceTree = "<group>"; };
		116475ED1D40977100A3BC1C /* SCOptionalVideoTableView.m */ = {isa = PBXFileReference; fileEncoding = 4; lastKnownFileType = sourcecode.c.objc; path = SCOptionalVideoTableView.m; sourceTree = "<group>"; };
		116475F11D40988700A3BC1C /* SCOptionalVideoTableViewCell.h */ = {isa = PBXFileReference; fileEncoding = 4; lastKnownFileType = sourcecode.c.h; path = SCOptionalVideoTableViewCell.h; sourceTree = "<group>"; };
		116475F21D40988700A3BC1C /* SCOptionalVideoTableViewCell.m */ = {isa = PBXFileReference; fileEncoding = 4; lastKnownFileType = sourcecode.c.objc; path = SCOptionalVideoTableViewCell.m; sourceTree = "<group>"; };
		116475F31D40988700A3BC1C /* SCOptionalVideoTableViewCell.xib */ = {isa = PBXFileReference; fileEncoding = 4; lastKnownFileType = file.xib; path = SCOptionalVideoTableViewCell.xib; sourceTree = "<group>"; };
		116475F61D4098EF00A3BC1C /* SCPastVideoTableViewCell.h */ = {isa = PBXFileReference; fileEncoding = 4; lastKnownFileType = sourcecode.c.h; path = SCPastVideoTableViewCell.h; sourceTree = "<group>"; };
		116475F71D4098EF00A3BC1C /* SCPastVideoTableViewCell.m */ = {isa = PBXFileReference; fileEncoding = 4; lastKnownFileType = sourcecode.c.objc; path = SCPastVideoTableViewCell.m; sourceTree = "<group>"; };
		116475F81D4098EF00A3BC1C /* SCPastVideoTableViewCell.xib */ = {isa = PBXFileReference; fileEncoding = 4; lastKnownFileType = file.xib; path = SCPastVideoTableViewCell.xib; sourceTree = "<group>"; };
		116475FB1D40ADDC00A3BC1C /* SCPastVideoTableView.h */ = {isa = PBXFileReference; fileEncoding = 4; lastKnownFileType = sourcecode.c.h; path = SCPastVideoTableView.h; sourceTree = "<group>"; };
		116475FC1D40ADDC00A3BC1C /* SCPastVideoTableView.m */ = {isa = PBXFileReference; fileEncoding = 4; lastKnownFileType = sourcecode.c.objc; path = SCPastVideoTableView.m; sourceTree = "<group>"; };
		116476021D40BA3D00A3BC1C /* SCChannelCatalogueVC.h */ = {isa = PBXFileReference; fileEncoding = 4; lastKnownFileType = sourcecode.c.h; path = SCChannelCatalogueVC.h; sourceTree = "<group>"; };
		116476031D40BA3D00A3BC1C /* SCChannelCatalogueVC.m */ = {isa = PBXFileReference; fileEncoding = 4; lastKnownFileType = sourcecode.c.objc; path = SCChannelCatalogueVC.m; sourceTree = "<group>"; };
		116476061D40CA8900A3BC1C /* SCChannelCatalogueCell.h */ = {isa = PBXFileReference; fileEncoding = 4; lastKnownFileType = sourcecode.c.h; path = SCChannelCatalogueCell.h; sourceTree = "<group>"; };
		116476071D40CA8900A3BC1C /* SCChannelCatalogueCell.m */ = {isa = PBXFileReference; fileEncoding = 4; lastKnownFileType = sourcecode.c.objc; path = SCChannelCatalogueCell.m; sourceTree = "<group>"; };
		116476081D40CA8900A3BC1C /* SCChannelCatalogueCell.xib */ = {isa = PBXFileReference; fileEncoding = 4; lastKnownFileType = file.xib; path = SCChannelCatalogueCell.xib; sourceTree = "<group>"; };
		116E1D551D4AFAF800B488EC /* SCBannerModel.h */ = {isa = PBXFileReference; fileEncoding = 4; lastKnownFileType = sourcecode.c.h; path = SCBannerModel.h; sourceTree = "<group>"; };
		116E1D561D4AFAF800B488EC /* SCBannerModel.m */ = {isa = PBXFileReference; fileEncoding = 4; lastKnownFileType = sourcecode.c.objc; path = SCBannerModel.m; sourceTree = "<group>"; };
		116E1D581D4B40B700B488EC /* SCRankTopRowTableViewCell.h */ = {isa = PBXFileReference; fileEncoding = 4; lastKnownFileType = sourcecode.c.h; path = SCRankTopRowTableViewCell.h; sourceTree = "<group>"; };
		116E1D591D4B40B700B488EC /* SCRankTopRowTableViewCell.m */ = {isa = PBXFileReference; fileEncoding = 4; lastKnownFileType = sourcecode.c.objc; path = SCRankTopRowTableViewCell.m; sourceTree = "<group>"; };
		116E1D5C1D4B4E0200B488EC /* SCSiftViewController.h */ = {isa = PBXFileReference; fileEncoding = 4; lastKnownFileType = sourcecode.c.h; path = SCSiftViewController.h; sourceTree = "<group>"; };
		116E1D5D1D4B4E0200B488EC /* SCSiftViewController.m */ = {isa = PBXFileReference; fileEncoding = 4; lastKnownFileType = sourcecode.c.objc; path = SCSiftViewController.m; sourceTree = "<group>"; };
		116E1D5F1D4B5A9E00B488EC /* SCRemoteControlVC.h */ = {isa = PBXFileReference; fileEncoding = 4; lastKnownFileType = sourcecode.c.h; path = SCRemoteControlVC.h; sourceTree = "<group>"; };
		116E1D601D4B5A9E00B488EC /* SCRemoteControlVC.m */ = {isa = PBXFileReference; fileEncoding = 4; lastKnownFileType = sourcecode.c.objc; path = SCRemoteControlVC.m; sourceTree = "<group>"; };
		1190AC741D49F9EA004AAF23 /* SCFilmListModel.h */ = {isa = PBXFileReference; fileEncoding = 4; lastKnownFileType = sourcecode.c.h; path = SCFilmListModel.h; sourceTree = "<group>"; };
		1190AC751D49F9EA004AAF23 /* SCFilmListModel.m */ = {isa = PBXFileReference; fileEncoding = 4; lastKnownFileType = sourcecode.c.objc; path = SCFilmListModel.m; sourceTree = "<group>"; };
		1190AC771D4A00D9004AAF23 /* SCFilmClassModel.h */ = {isa = PBXFileReference; fileEncoding = 4; lastKnownFileType = sourcecode.c.h; path = SCFilmClassModel.h; sourceTree = "<group>"; };
		1190AC781D4A00D9004AAF23 /* SCFilmClassModel.m */ = {isa = PBXFileReference; fileEncoding = 4; lastKnownFileType = sourcecode.c.objc; path = SCFilmClassModel.m; sourceTree = "<group>"; };
		1196A0701D42650A00B3C5EF /* SCMovieEpisodeCell.h */ = {isa = PBXFileReference; fileEncoding = 4; lastKnownFileType = sourcecode.c.h; path = SCMovieEpisodeCell.h; sourceTree = "<group>"; };
		1196A0711D42650A00B3C5EF /* SCMovieEpisodeCell.m */ = {isa = PBXFileReference; fileEncoding = 4; lastKnownFileType = sourcecode.c.objc; path = SCMovieEpisodeCell.m; sourceTree = "<group>"; };
		1196A0721D42650A00B3C5EF /* SCMovieEpisodeCell.xib */ = {isa = PBXFileReference; fileEncoding = 4; lastKnownFileType = file.xib; path = SCMovieEpisodeCell.xib; sourceTree = "<group>"; };
		11A1D0661D3F433900E2BA0D /* UIView+Addition.h */ = {isa = PBXFileReference; fileEncoding = 4; lastKnownFileType = sourcecode.c.h; path = "UIView+Addition.h"; sourceTree = "<group>"; };
		11A1D0671D3F433900E2BA0D /* UIView+Addition.m */ = {isa = PBXFileReference; fileEncoding = 4; lastKnownFileType = sourcecode.c.objc; path = "UIView+Addition.m"; sourceTree = "<group>"; };
		11A1D06A1D3F508E00E2BA0D /* SCRankViewController.h */ = {isa = PBXFileReference; fileEncoding = 4; lastKnownFileType = sourcecode.c.h; path = SCRankViewController.h; sourceTree = "<group>"; };
		11A1D06B1D3F508E00E2BA0D /* SCRankViewController.m */ = {isa = PBXFileReference; fileEncoding = 4; lastKnownFileType = sourcecode.c.objc; path = SCRankViewController.m; sourceTree = "<group>"; };
		11A1D06E1D3F62E800E2BA0D /* SCRankOtherCell.h */ = {isa = PBXFileReference; fileEncoding = 4; lastKnownFileType = sourcecode.c.h; path = SCRankOtherCell.h; sourceTree = "<group>"; };
		11A1D06F1D3F62E800E2BA0D /* SCRankOtherCell.m */ = {isa = PBXFileReference; fileEncoding = 4; lastKnownFileType = sourcecode.c.objc; path = SCRankOtherCell.m; sourceTree = "<group>"; };
		11A1D0711D3F62FD00E2BA0D /* SCRankOtherCell.xib */ = {isa = PBXFileReference; fileEncoding = 4; lastKnownFileType = file.xib; path = SCRankOtherCell.xib; sourceTree = "<group>"; };
		11A1D0731D3F785600E2BA0D /* SCSearchViewController.h */ = {isa = PBXFileReference; fileEncoding = 4; lastKnownFileType = sourcecode.c.h; path = SCSearchViewController.h; sourceTree = "<group>"; };
		11A1D0741D3F785600E2BA0D /* SCSearchViewController.m */ = {isa = PBXFileReference; fileEncoding = 4; lastKnownFileType = sourcecode.c.objc; path = SCSearchViewController.m; sourceTree = "<group>"; };
		11BB37741D38B9A00002D487 /* SevenColorMovies.app */ = {isa = PBXFileReference; explicitFileType = wrapper.application; includeInIndex = 0; path = SevenColorMovies.app; sourceTree = BUILT_PRODUCTS_DIR; };
		11BB37781D38B9A00002D487 /* main.m */ = {isa = PBXFileReference; lastKnownFileType = sourcecode.c.objc; path = main.m; sourceTree = "<group>"; };
		11BB377A1D38B9A00002D487 /* AppDelegate.h */ = {isa = PBXFileReference; lastKnownFileType = sourcecode.c.h; path = AppDelegate.h; sourceTree = "<group>"; };
		11BB377B1D38B9A00002D487 /* AppDelegate.m */ = {isa = PBXFileReference; lastKnownFileType = sourcecode.c.objc; path = AppDelegate.m; sourceTree = "<group>"; };
		11BB37811D38B9A00002D487 /* Base */ = {isa = PBXFileReference; lastKnownFileType = file.storyboard; name = Base; path = Base.lproj/Main.storyboard; sourceTree = "<group>"; };
		11BB37831D38B9A00002D487 /* Assets.xcassets */ = {isa = PBXFileReference; lastKnownFileType = folder.assetcatalog; path = Assets.xcassets; sourceTree = "<group>"; };
		11BB37881D38B9A00002D487 /* Info.plist */ = {isa = PBXFileReference; lastKnownFileType = text.plist.xml; path = Info.plist; sourceTree = "<group>"; };
		11BB378D1D38B9A00002D487 /* SevenColorMoviesTests.xctest */ = {isa = PBXFileReference; explicitFileType = wrapper.cfbundle; includeInIndex = 0; path = SevenColorMoviesTests.xctest; sourceTree = BUILT_PRODUCTS_DIR; };
		11BB37911D38B9A00002D487 /* SevenColorMoviesTests.m */ = {isa = PBXFileReference; lastKnownFileType = sourcecode.c.objc; path = SevenColorMoviesTests.m; sourceTree = "<group>"; };
		11BB37931D38B9A00002D487 /* Info.plist */ = {isa = PBXFileReference; lastKnownFileType = text.plist.xml; path = Info.plist; sourceTree = "<group>"; };
		11BB37981D38B9A00002D487 /* SevenColorMoviesUITests.xctest */ = {isa = PBXFileReference; explicitFileType = wrapper.cfbundle; includeInIndex = 0; path = SevenColorMoviesUITests.xctest; sourceTree = BUILT_PRODUCTS_DIR; };
		11BB379C1D38B9A00002D487 /* SevenColorMoviesUITests.m */ = {isa = PBXFileReference; lastKnownFileType = sourcecode.c.objc; path = SevenColorMoviesUITests.m; sourceTree = "<group>"; };
		11BB379E1D38B9A00002D487 /* Info.plist */ = {isa = PBXFileReference; lastKnownFileType = text.plist.xml; path = Info.plist; sourceTree = "<group>"; };
		11BB37C51D38DF040002D487 /* PrefixHeader.pch */ = {isa = PBXFileReference; lastKnownFileType = sourcecode.c.h; path = PrefixHeader.pch; sourceTree = "<group>"; };
		11BB37C61D38E2120002D487 /* Configured.h */ = {isa = PBXFileReference; lastKnownFileType = sourcecode.c.h; path = Configured.h; sourceTree = "<group>"; };
		11BB37C71D38E3A00002D487 /* devEnvironment.plist */ = {isa = PBXFileReference; fileEncoding = 4; lastKnownFileType = text.plist.xml; path = devEnvironment.plist; sourceTree = "<group>"; };
		11BB37C91D38E3C20002D487 /* switchNetworkEnvironment.plist */ = {isa = PBXFileReference; fileEncoding = 4; lastKnownFileType = text.plist.xml; path = switchNetworkEnvironment.plist; sourceTree = "<group>"; };
		11BB37CF1D38E5C00002D487 /* Discovery.storyboard */ = {isa = PBXFileReference; fileEncoding = 4; lastKnownFileType = file.storyboard; path = Discovery.storyboard; sourceTree = "<group>"; };
		11BB37D11D38E5C90002D487 /* News.storyboard */ = {isa = PBXFileReference; fileEncoding = 4; lastKnownFileType = file.storyboard; path = News.storyboard; sourceTree = "<group>"; };
		11BB37D31D38E5D10002D487 /* Mine.storyboard */ = {isa = PBXFileReference; fileEncoding = 4; lastKnownFileType = file.storyboard; path = Mine.storyboard; sourceTree = "<group>"; };
		11BB37D51D38E6650002D487 /* SCHomePageViewController.h */ = {isa = PBXFileReference; fileEncoding = 4; lastKnownFileType = sourcecode.c.h; path = SCHomePageViewController.h; sourceTree = "<group>"; };
		11BB37D61D38E6650002D487 /* SCHomePageViewController.m */ = {isa = PBXFileReference; fileEncoding = 4; lastKnownFileType = sourcecode.c.objc; path = SCHomePageViewController.m; sourceTree = "<group>"; };
		11BB37DE1D38F0E00002D487 /* SCNetUrlManger.h */ = {isa = PBXFileReference; fileEncoding = 4; lastKnownFileType = sourcecode.c.h; path = SCNetUrlManger.h; sourceTree = "<group>"; };
		11BB37DF1D38F0E00002D487 /* SCNetUrlManger.m */ = {isa = PBXFileReference; fileEncoding = 4; lastKnownFileType = sourcecode.c.objc; path = SCNetUrlManger.m; sourceTree = "<group>"; };
		11BE83131D3CB56B00886CF6 /* SCSycleBanner.h */ = {isa = PBXFileReference; fileEncoding = 4; lastKnownFileType = sourcecode.c.h; path = SCSycleBanner.h; sourceTree = "<group>"; };
		11BE83141D3CB56B00886CF6 /* SCSycleBanner.m */ = {isa = PBXFileReference; fileEncoding = 4; lastKnownFileType = sourcecode.c.objc; path = SCSycleBanner.m; sourceTree = "<group>"; };
		11BE83161D3CBA1B00886CF6 /* BaseNavigationController.h */ = {isa = PBXFileReference; fileEncoding = 4; lastKnownFileType = sourcecode.c.h; path = BaseNavigationController.h; sourceTree = "<group>"; };
		11BE83171D3CBA1B00886CF6 /* BaseNavigationController.m */ = {isa = PBXFileReference; fileEncoding = 4; lastKnownFileType = sourcecode.c.objc; path = BaseNavigationController.m; sourceTree = "<group>"; };
		11BE83191D3CBADF00886CF6 /* NavigationInteractiveTransition.h */ = {isa = PBXFileReference; fileEncoding = 4; lastKnownFileType = sourcecode.c.h; path = NavigationInteractiveTransition.h; sourceTree = "<group>"; };
		11BE831A1D3CBADF00886CF6 /* NavigationInteractiveTransition.m */ = {isa = PBXFileReference; fileEncoding = 4; lastKnownFileType = sourcecode.c.objc; path = NavigationInteractiveTransition.m; sourceTree = "<group>"; };
		11BE831C1D3CBB3E00886CF6 /* NavigationPopAnimation.h */ = {isa = PBXFileReference; fileEncoding = 4; lastKnownFileType = sourcecode.c.h; path = NavigationPopAnimation.h; sourceTree = "<group>"; };
		11BE831D1D3CBB3E00886CF6 /* NavigationPopAnimation.m */ = {isa = PBXFileReference; fileEncoding = 4; lastKnownFileType = sourcecode.c.objc; path = NavigationPopAnimation.m; sourceTree = "<group>"; };
		11C8CFB61D45157B00C04F38 /* SCRankTopRowCollectionViewCell.h */ = {isa = PBXFileReference; fileEncoding = 4; lastKnownFileType = sourcecode.c.h; path = SCRankTopRowCollectionViewCell.h; sourceTree = "<group>"; };
		11C8CFB71D45157B00C04F38 /* SCRankTopRowCollectionViewCell.m */ = {isa = PBXFileReference; fileEncoding = 4; lastKnownFileType = sourcecode.c.objc; path = SCRankTopRowCollectionViewCell.m; sourceTree = "<group>"; };
		11C8CFB81D45157B00C04F38 /* SCRankTopRowCollectionViewCell.xib */ = {isa = PBXFileReference; fileEncoding = 4; lastKnownFileType = file.xib; path = SCRankTopRowCollectionViewCell.xib; sourceTree = "<group>"; };
		11D422521D49A1A400B4F9AE /* DONG_RefreshGifHeader.h */ = {isa = PBXFileReference; fileEncoding = 4; lastKnownFileType = sourcecode.c.h; path = DONG_RefreshGifHeader.h; sourceTree = "<group>"; };
		11D422531D49A1A400B4F9AE /* DONG_RefreshGifHeader.m */ = {isa = PBXFileReference; fileEncoding = 4; lastKnownFileType = sourcecode.c.objc; path = DONG_RefreshGifHeader.m; sourceTree = "<group>"; };
		11D422551D49A20800B4F9AE /* DONG_RefreshGifFooter.h */ = {isa = PBXFileReference; fileEncoding = 4; lastKnownFileType = sourcecode.c.h; path = DONG_RefreshGifFooter.h; sourceTree = "<group>"; };
		11D422561D49A20800B4F9AE /* DONG_RefreshGifFooter.m */ = {isa = PBXFileReference; fileEncoding = 4; lastKnownFileType = sourcecode.c.objc; path = DONG_RefreshGifFooter.m; sourceTree = "<group>"; };
		11D422581D49A42800B4F9AE /* SCComonFunc.h */ = {isa = PBXFileReference; fileEncoding = 4; lastKnownFileType = sourcecode.c.h; path = SCComonFunc.h; sourceTree = "<group>"; };
		11D422591D49A42800B4F9AE /* SCComonFunc.m */ = {isa = PBXFileReference; fileEncoding = 4; lastKnownFileType = sourcecode.c.objc; path = SCComonFunc.m; sourceTree = "<group>"; };
		11D4225B1D49A8EC00B4F9AE /* SCLoadingView.xib */ = {isa = PBXFileReference; fileEncoding = 4; lastKnownFileType = file.xib; path = SCLoadingView.xib; sourceTree = "<group>"; };
		11D4225D1D49E83D00B4F9AE /* XMLDictionary.h */ = {isa = PBXFileReference; fileEncoding = 4; lastKnownFileType = sourcecode.c.h; path = XMLDictionary.h; sourceTree = "<group>"; };
		11D4225E1D49E83D00B4F9AE /* XMLDictionary.m */ = {isa = PBXFileReference; fileEncoding = 4; lastKnownFileType = sourcecode.c.objc; path = XMLDictionary.m; sourceTree = "<group>"; };
		11DC2BBF1D3DCDEA00012480 /* SCDemandChannelCell.h */ = {isa = PBXFileReference; fileEncoding = 4; lastKnownFileType = sourcecode.c.h; path = SCDemandChannelCell.h; sourceTree = "<group>"; };
		11DC2BC01D3DCDEA00012480 /* SCDemandChannelCell.m */ = {isa = PBXFileReference; fileEncoding = 4; lastKnownFileType = sourcecode.c.objc; path = SCDemandChannelCell.m; sourceTree = "<group>"; };
		11DC2BC21D3DCE6700012480 /* SCDemandChannelItemCell.h */ = {isa = PBXFileReference; fileEncoding = 4; lastKnownFileType = sourcecode.c.h; path = SCDemandChannelItemCell.h; sourceTree = "<group>"; };
		11DC2BC31D3DCE6700012480 /* SCDemandChannelItemCell.m */ = {isa = PBXFileReference; fileEncoding = 4; lastKnownFileType = sourcecode.c.objc; path = SCDemandChannelItemCell.m; sourceTree = "<group>"; };
		11DC2BC51D3DD48400012480 /* SCDemandChannelItemCell.xib */ = {isa = PBXFileReference; fileEncoding = 4; lastKnownFileType = file.xib; path = SCDemandChannelItemCell.xib; sourceTree = "<group>"; };
		11DC2BCA1D3DD88600012480 /* IMB_DownImageView.h */ = {isa = PBXFileReference; fileEncoding = 4; lastKnownFileType = sourcecode.c.h; path = IMB_DownImageView.h; sourceTree = "<group>"; };
		11DC2BCB1D3DD88600012480 /* IMB_DownImageView.m */ = {isa = PBXFileReference; fileEncoding = 4; lastKnownFileType = sourcecode.c.objc; path = IMB_DownImageView.m; sourceTree = "<group>"; };
		11DC2BCD1D3DD8FE00012480 /* IMB_DownImageHelper.h */ = {isa = PBXFileReference; fileEncoding = 4; lastKnownFileType = sourcecode.c.h; path = IMB_DownImageHelper.h; sourceTree = "<group>"; };
		11DC2BCE1D3DD8FE00012480 /* IMB_DownImageHelper.m */ = {isa = PBXFileReference; fileEncoding = 4; lastKnownFileType = sourcecode.c.objc; path = IMB_DownImageHelper.m; sourceTree = "<group>"; };
		11DC2BD61D3DFC6800012480 /* UIImageView+Addition.h */ = {isa = PBXFileReference; fileEncoding = 4; lastKnownFileType = sourcecode.c.h; path = "UIImageView+Addition.h"; sourceTree = "<group>"; };
		11DC2BD71D3DFC6800012480 /* UIImageView+Addition.m */ = {isa = PBXFileReference; fileEncoding = 4; lastKnownFileType = sourcecode.c.objc; path = "UIImageView+Addition.m"; sourceTree = "<group>"; };
		11FACB471D3F16E100AAC216 /* SCBaseViewController.h */ = {isa = PBXFileReference; fileEncoding = 4; lastKnownFileType = sourcecode.c.h; path = SCBaseViewController.h; sourceTree = "<group>"; };
		11FACB481D3F16E100AAC216 /* SCBaseViewController.m */ = {isa = PBXFileReference; fileEncoding = 4; lastKnownFileType = sourcecode.c.objc; path = SCBaseViewController.m; sourceTree = "<group>"; };
		11FACB4A1D3F19A000AAC216 /* SCSearchBarView.h */ = {isa = PBXFileReference; fileEncoding = 4; lastKnownFileType = sourcecode.c.h; path = SCSearchBarView.h; sourceTree = "<group>"; };
		11FACB4B1D3F19A000AAC216 /* SCSearchBarView.m */ = {isa = PBXFileReference; fileEncoding = 4; lastKnownFileType = sourcecode.c.objc; path = SCSearchBarView.m; sourceTree = "<group>"; };
		44844E586861AA1504AA2D05 /* Pods-SevenColorMovies.release.xcconfig */ = {isa = PBXFileReference; includeInIndex = 1; lastKnownFileType = text.xcconfig; name = "Pods-SevenColorMovies.release.xcconfig"; path = "Pods/Target Support Files/Pods-SevenColorMovies/Pods-SevenColorMovies.release.xcconfig"; sourceTree = "<group>"; };
		BB7417922FA2A9215D327938 /* Pods-SevenColorMovies.debug.xcconfig */ = {isa = PBXFileReference; includeInIndex = 1; lastKnownFileType = text.xcconfig; name = "Pods-SevenColorMovies.debug.xcconfig"; path = "Pods/Target Support Files/Pods-SevenColorMovies/Pods-SevenColorMovies.debug.xcconfig"; sourceTree = "<group>"; };
		BC708BBEF15757C0083C8CE3 /* libPods-SevenColorMovies.a */ = {isa = PBXFileReference; explicitFileType = archive.ar; includeInIndex = 0; path = "libPods-SevenColorMovies.a"; sourceTree = BUILT_PRODUCTS_DIR; };
/* End PBXFileReference section */

/* Begin PBXFrameworksBuildPhase section */
		11BB37711D38B9A00002D487 /* Frameworks */ = {
			isa = PBXFrameworksBuildPhase;
			buildActionMask = 2147483647;
			files = (
				E295801C8EBB6E7149DD009D /* libPods-SevenColorMovies.a in Frameworks */,
			);
			runOnlyForDeploymentPostprocessing = 0;
		};
		11BB378A1D38B9A00002D487 /* Frameworks */ = {
			isa = PBXFrameworksBuildPhase;
			buildActionMask = 2147483647;
			files = (
			);
			runOnlyForDeploymentPostprocessing = 0;
		};
		11BB37951D38B9A00002D487 /* Frameworks */ = {
			isa = PBXFrameworksBuildPhase;
			buildActionMask = 2147483647;
			files = (
			);
			runOnlyForDeploymentPostprocessing = 0;
		};
/* End PBXFrameworksBuildPhase section */

/* Begin PBXGroup section */
		1111A3FD1D48550800C17B92 /* FlowLayout */ = {
			isa = PBXGroup;
			children = (
				1111A4011D48584C00C17B92 /* LXReorderableCollectionViewFlowLayout.h */,
				1111A4021D48584C00C17B92 /* LXReorderableCollectionViewFlowLayout.m */,
			);
			name = FlowLayout;
			sourceTree = "<group>";
		};
		1111A4071D488BE500C17B92 /* DNIPhoneInfo */ = {
			isa = PBXGroup;
			children = (
				1111A4091D488C1E00C17B92 /* DNIPhoneInfo.h */,
				1111A40A1D488C1E00C17B92 /* DNIPhoneInfo.m */,
			);
			name = DNIPhoneInfo;
			sourceTree = "<group>";
		};
		1111A41C1D48A72300C17B92 /* New Group */ = {
			isa = PBXGroup;
			children = (
				1111A4131D48A71300C17B92 /* QINetReachabilityManager.h */,
				1111A4141D48A71300C17B92 /* QINetReachabilityManager.m */,
				1111A4151D48A71300C17B92 /* QIReachability.h */,
				1111A4161D48A71300C17B92 /* QIReachability.m */,
				1111A4171D48A71300C17B92 /* Reachability.h */,
				1111A4181D48A71300C17B92 /* Reachability.m */,
			);
			name = "New Group";
			sourceTree = "<group>";
		};
		1122FF671D4A260E00E6E8A2 /* Log */ = {
			isa = PBXGroup;
			children = (
				1122FF611D4A22E900E6E8A2 /* NSArray+Log.h */,
				1122FF621D4A22E900E6E8A2 /* NSArray+Log.m */,
				1122FF631D4A22E900E6E8A2 /* NSDictionary+Log.h */,
				1122FF641D4A22E900E6E8A2 /* NSDictionary+Log.m */,
			);
			name = Log;
			sourceTree = "<group>";
		};
		113E62E51D49F5FE00FB8F3A /* Model */ = {
			isa = PBXGroup;
			children = (
				113E62E61D49F63100FB8F3A /* SCFilmModel.h */,
				113E62E71D49F63100FB8F3A /* SCFilmModel.m */,
				1190AC771D4A00D9004AAF23 /* SCFilmClassModel.h */,
				1190AC781D4A00D9004AAF23 /* SCFilmClassModel.m */,
				1190AC741D49F9EA004AAF23 /* SCFilmListModel.h */,
				1190AC751D49F9EA004AAF23 /* SCFilmListModel.m */,
			);
			name = Model;
			sourceTree = "<group>";
		};
		113F8D8E1D3C700900B12D39 /* MainBody */ = {
			isa = PBXGroup;
			children = (
				11BB37D51D38E6650002D487 /* SCHomePageViewController.h */,
				11BB37D61D38E6650002D487 /* SCHomePageViewController.m */,
				11DC2BBE1D3DCD2900012480 /* Cell */,
			);
			name = MainBody;
			sourceTree = "<group>";
		};
		113F8D8F1D3C701B00B12D39 /* Banner */ = {
			isa = PBXGroup;
			children = (
				11BE83131D3CB56B00886CF6 /* SCSycleBanner.h */,
				11BE83141D3CB56B00886CF6 /* SCSycleBanner.m */,
				116E1D541D4AFADA00B488EC /* Model */,
			);
			name = Banner;
			sourceTree = "<group>";
		};
		113F8D901D3C702000B12D39 /* Rank */ = {
			isa = PBXGroup;
			children = (
				11A1D06A1D3F508E00E2BA0D /* SCRankViewController.h */,
				11A1D06B1D3F508E00E2BA0D /* SCRankViewController.m */,
				11A1D06D1D3F5FF800E2BA0D /* Cell */,
			);
			name = Rank;
			sourceTree = "<group>";
		};
		113F8D911D3C704E00B12D39 /* RemoteControl */ = {
			isa = PBXGroup;
			children = (
				116E1D5F1D4B5A9E00B488EC /* SCRemoteControlVC.h */,
				116E1D601D4B5A9E00B488EC /* SCRemoteControlVC.m */,
			);
			name = RemoteControl;
			sourceTree = "<group>";
		};
		113F8D921D3C705200B12D39 /* MainBody */ = {
			isa = PBXGroup;
			children = (
				113F8D851D3C6FC800B12D39 /* SCDiscoveryViewController.h */,
				113F8D861D3C6FC800B12D39 /* SCDiscoveryViewController.m */,
				11458E991D45EE4C00EBD16D /* Model */,
				11458E9D1D45FEA400EBD16D /* Cell */,
			);
			name = MainBody;
			sourceTree = "<group>";
		};
		113F8D931D3C705600B12D39 /* View */ = {
			isa = PBXGroup;
			children = (
			);
			name = View;
			sourceTree = "<group>";
		};
		113F8D941D3C705900B12D39 /* MainBody */ = {
			isa = PBXGroup;
			children = (
				113F8D881D3C6FE800B12D39 /* SCNewsViewController.h */,
				113F8D891D3C6FE800B12D39 /* SCNewsViewController.m */,
			);
			name = MainBody;
			sourceTree = "<group>";
		};
		113F8D951D3C705D00B12D39 /* View */ = {
			isa = PBXGroup;
			children = (
			);
			name = View;
			sourceTree = "<group>";
		};
		113F8D961D3C706300B12D39 /* MainBody */ = {
			isa = PBXGroup;
			children = (
				113F8D8B1D3C6FFB00B12D39 /* SCMineViewController.h */,
				113F8D8C1D3C6FFB00B12D39 /* SCMineViewController.m */,
				11458E9E1D45FEB600EBD16D /* Cell */,
			);
			name = MainBody;
			sourceTree = "<group>";
		};
		11458E991D45EE4C00EBD16D /* Model */ = {
			isa = PBXGroup;
			children = (
				11458E9A1D45EECE00EBD16D /* SCDiscoveryCellModel.h */,
				11458E9B1D45EECE00EBD16D /* SCDiscoveryCellModel.m */,
			);
			name = Model;
			sourceTree = "<group>";
		};
		11458E9D1D45FEA400EBD16D /* Cell */ = {
			isa = PBXGroup;
			children = (
				11458E941D45E0D500EBD16D /* SCDiscoveryTableViewCell.h */,
				11458E951D45E0D500EBD16D /* SCDiscoveryTableViewCell.m */,
				11458E961D45E0D500EBD16D /* SCDiscoveryTableViewCell.xib */,
			);
			name = Cell;
			sourceTree = "<group>";
		};
		11458E9E1D45FEB600EBD16D /* Cell */ = {
			isa = PBXGroup;
			children = (
				11458E9F1D45FEE200EBD16D /* SCMineTopCell.h */,
				11458EA01D45FEE200EBD16D /* SCMineTopCell.m */,
				11458EA11D45FEE200EBD16D /* SCMineTopCell.xib */,
				11458EA41D45FF2D00EBD16D /* SCMineOtherCell.h */,
				11458EA51D45FF2D00EBD16D /* SCMineOtherCell.m */,
				11458EA61D45FF2D00EBD16D /* SCMineOtherCell.xib */,
			);
			name = Cell;
			sourceTree = "<group>";
		};
		115A21001D41B4E20097DE57 /* 点播栏 */ = {
			isa = PBXGroup;
			children = (
				115A21011D41B51A0097DE57 /* 分类栏目 */,
				116475FE1D40B93500A3BC1C /* ChannelCatalogue(点播更多) */,
			);
			name = "点播栏";
			sourceTree = "<group>";
		};
		115A21011D41B51A0097DE57 /* 分类栏目 */ = {
			isa = PBXGroup;
			children = (
				115A21021D41B62D0097DE57 /* SCChannelCategoryVC.h */,
				115A21031D41B62D0097DE57 /* SCChannelCategoryVC.m */,
			);
			name = "分类栏目";
			sourceTree = "<group>";
		};
		115A210E1D41F0260097DE57 /* Arts综艺 */ = {
			isa = PBXGroup;
			children = (
				115A21171D41F5FD0097DE57 /* SCArtsPlayerVC.h */,
				115A21181D41F5FD0097DE57 /* SCArtsPlayerVC.m */,
			);
			name = "Arts综艺";
			sourceTree = "<group>";
		};
		115A210F1D41F02B0097DE57 /* Moive电影 */ = {
			isa = PBXGroup;
			children = (
				115A21141D41F5E30097DE57 /* SCMoivePlayerVC.h */,
				115A21151D41F5E30097DE57 /* SCMoivePlayerVC.m */,
			);
			name = "Moive电影";
			sourceTree = "<group>";
		};
		115A21101D41F02F0097DE57 /* Teleplay电视剧 */ = {
			isa = PBXGroup;
			children = (
				115A211B1D4218510097DE57 /* MainBody */,
				115A211A1D4218440097DE57 /* ViewController */,
			);
			name = "Teleplay电视剧";
			sourceTree = "<group>";
		};
		115A211A1D4218440097DE57 /* ViewController */ = {
			isa = PBXGroup;
			children = (
				1196A06E1D42640C00B3C5EF /* MoiveAllEpisodes */,
				1196A06D1D42640800B3C5EF /* MoiveDetial */,
				1196A06C1D4263F800B3C5EF /* MoiveRecommendation */,
			);
			name = ViewController;
			sourceTree = "<group>";
		};
		115A211B1D4218510097DE57 /* MainBody */ = {
			isa = PBXGroup;
			children = (
				115A21111D41F5BF0097DE57 /* SCTeleplayPlayerVC.h */,
				115A21121D41F5BF0097DE57 /* SCTeleplayPlayerVC.m */,
			);
			name = MainBody;
			sourceTree = "<group>";
		};
		116475EF1D4097E000A3BC1C /* MainBody */ = {
			isa = PBXGroup;
			children = (
				11A1D0731D3F785600E2BA0D /* SCSearchViewController.h */,
				11A1D0741D3F785600E2BA0D /* SCSearchViewController.m */,
				116475EC1D40977100A3BC1C /* SCOptionalVideoTableView.h */,
				116475ED1D40977100A3BC1C /* SCOptionalVideoTableView.m */,
				116475FB1D40ADDC00A3BC1C /* SCPastVideoTableView.h */,
				116475FC1D40ADDC00A3BC1C /* SCPastVideoTableView.m */,
			);
			name = MainBody;
			sourceTree = "<group>";
		};
		116475F01D40982900A3BC1C /* View */ = {
			isa = PBXGroup;
			children = (
				11FACB4A1D3F19A000AAC216 /* SCSearchBarView.h */,
				11FACB4B1D3F19A000AAC216 /* SCSearchBarView.m */,
				116475F11D40988700A3BC1C /* SCOptionalVideoTableViewCell.h */,
				116475F21D40988700A3BC1C /* SCOptionalVideoTableViewCell.m */,
				116475F31D40988700A3BC1C /* SCOptionalVideoTableViewCell.xib */,
				116475F61D4098EF00A3BC1C /* SCPastVideoTableViewCell.h */,
				116475F71D4098EF00A3BC1C /* SCPastVideoTableViewCell.m */,
				116475F81D4098EF00A3BC1C /* SCPastVideoTableViewCell.xib */,
			);
			name = View;
			sourceTree = "<group>";
		};
		116475FE1D40B93500A3BC1C /* ChannelCatalogue(点播更多) */ = {
			isa = PBXGroup;
			children = (
				116476021D40BA3D00A3BC1C /* SCChannelCatalogueVC.h */,
				116476031D40BA3D00A3BC1C /* SCChannelCatalogueVC.m */,
				1111A3FD1D48550800C17B92 /* FlowLayout */,
				116476051D40CA4300A3BC1C /* Cell */,
			);
			name = "ChannelCatalogue(点播更多)";
			sourceTree = "<group>";
		};
		116475FF1D40B98600A3BC1C /* Main */ = {
			isa = PBXGroup;
			children = (
				116476011D40B9D100A3BC1C /* register */,
				116476001D40B9C400A3BC1C /* Login */,
				11BB37BF1D38DB220002D487 /* Tabbar */,
				11A1D0691D3F4FEA00E2BA0D /* Search */,
				11A1D0761D3F7DD500E2BA0D /* SlideHeaderView */,
			);
			name = Main;
			sourceTree = "<group>";
		};
		116476001D40B9C400A3BC1C /* Login */ = {
			isa = PBXGroup;
			children = (
			);
			name = Login;
			sourceTree = "<group>";
		};
		116476011D40B9D100A3BC1C /* register */ = {
			isa = PBXGroup;
			children = (
			);
			name = register;
			sourceTree = "<group>";
		};
		116476051D40CA4300A3BC1C /* Cell */ = {
			isa = PBXGroup;
			children = (
				116476061D40CA8900A3BC1C /* SCChannelCatalogueCell.h */,
				116476071D40CA8900A3BC1C /* SCChannelCatalogueCell.m */,
				116476081D40CA8900A3BC1C /* SCChannelCatalogueCell.xib */,
			);
			name = Cell;
			sourceTree = "<group>";
		};
		116E1D541D4AFADA00B488EC /* Model */ = {
			isa = PBXGroup;
			children = (
				116E1D551D4AFAF800B488EC /* SCBannerModel.h */,
				116E1D561D4AFAF800B488EC /* SCBannerModel.m */,
			);
			name = Model;
			sourceTree = "<group>";
		};
		116E1D5B1D4B4D4600B488EC /* Sift筛选 */ = {
			isa = PBXGroup;
			children = (
				116E1D5C1D4B4E0200B488EC /* SCSiftViewController.h */,
				116E1D5D1D4B4E0200B488EC /* SCSiftViewController.m */,
			);
			name = "Sift筛选";
			sourceTree = "<group>";
		};
		1196A06C1D4263F800B3C5EF /* MoiveRecommendation */ = {
			isa = PBXGroup;
			children = (
				115A212B1D42293D0097DE57 /* SCMoiveRecommendationVC.h */,
				115A212C1D42293D0097DE57 /* SCMoiveRecommendationVC.m */,
			);
			name = MoiveRecommendation;
			sourceTree = "<group>";
		};
		1196A06D1D42640800B3C5EF /* MoiveDetial */ = {
			isa = PBXGroup;
			children = (
				115A21281D42290C0097DE57 /* SCMoiveIntroduceVC.h */,
				115A21291D42290C0097DE57 /* SCMoiveIntroduceVC.m */,
			);
			name = MoiveDetial;
			sourceTree = "<group>";
		};
		1196A06E1D42640C00B3C5EF /* MoiveAllEpisodes */ = {
			isa = PBXGroup;
			children = (
				115A21251D4228750097DE57 /* SCMoiveAllEpisodesVC.h */,
				115A21261D4228750097DE57 /* SCMoiveAllEpisodesVC.m */,
				1196A06F1D42649F00B3C5EF /* Cell */,
			);
			name = MoiveAllEpisodes;
			sourceTree = "<group>";
		};
		1196A06F1D42649F00B3C5EF /* Cell */ = {
			isa = PBXGroup;
			children = (
				1196A0701D42650A00B3C5EF /* SCMovieEpisodeCell.h */,
				1196A0711D42650A00B3C5EF /* SCMovieEpisodeCell.m */,
				1196A0721D42650A00B3C5EF /* SCMovieEpisodeCell.xib */,
			);
			name = Cell;
			sourceTree = "<group>";
		};
		11A1D0691D3F4FEA00E2BA0D /* Search */ = {
			isa = PBXGroup;
			children = (
				116475EF1D4097E000A3BC1C /* MainBody */,
				116475F01D40982900A3BC1C /* View */,
			);
			name = Search;
			sourceTree = "<group>";
		};
		11A1D06D1D3F5FF800E2BA0D /* Cell */ = {
			isa = PBXGroup;
			children = (
				116E1D581D4B40B700B488EC /* SCRankTopRowTableViewCell.h */,
				116E1D591D4B40B700B488EC /* SCRankTopRowTableViewCell.m */,
				11C8CFB61D45157B00C04F38 /* SCRankTopRowCollectionViewCell.h */,
				11C8CFB71D45157B00C04F38 /* SCRankTopRowCollectionViewCell.m */,
				11C8CFB81D45157B00C04F38 /* SCRankTopRowCollectionViewCell.xib */,
				11A1D06E1D3F62E800E2BA0D /* SCRankOtherCell.h */,
				11A1D06F1D3F62E800E2BA0D /* SCRankOtherCell.m */,
				11A1D0711D3F62FD00E2BA0D /* SCRankOtherCell.xib */,
			);
			name = Cell;
			sourceTree = "<group>";
		};
		11A1D0761D3F7DD500E2BA0D /* SlideHeaderView */ = {
			isa = PBXGroup;
			children = (
				1112D7491D405D51009A5C35 /* SCSlideHeaderLabel.h */,
				1112D74A1D405D51009A5C35 /* SCSlideHeaderLabel.m */,
			);
			name = SlideHeaderView;
			sourceTree = "<group>";
		};
		11BB376B1D38B9A00002D487 = {
			isa = PBXGroup;
			children = (
				11BB37761D38B9A00002D487 /* SevenColorMovies */,
				11BB37901D38B9A00002D487 /* SevenColorMoviesTests */,
				11BB379B1D38B9A00002D487 /* SevenColorMoviesUITests */,
				11BB37751D38B9A00002D487 /* Products */,
				56CA4D536ADE803AF87BD5DE /* Pods */,
				EA43CF5B333599320E8DB727 /* Frameworks */,
			);
			sourceTree = "<group>";
		};
		11BB37751D38B9A00002D487 /* Products */ = {
			isa = PBXGroup;
			children = (
				11BB37741D38B9A00002D487 /* SevenColorMovies.app */,
				11BB378D1D38B9A00002D487 /* SevenColorMoviesTests.xctest */,
				11BB37981D38B9A00002D487 /* SevenColorMoviesUITests.xctest */,
			);
			name = Products;
			sourceTree = "<group>";
		};
		11BB37761D38B9A00002D487 /* SevenColorMovies */ = {
			isa = PBXGroup;
			children = (
				11BB377A1D38B9A00002D487 /* AppDelegate.h */,
				11BB377B1D38B9A00002D487 /* AppDelegate.m */,
				11BB37C41D38DC450002D487 /* Plist */,
				11BB37C31D38DC320002D487 /* Storyboard */,
				11BB37C11D38DB290002D487 /* Classes */,
				11BB37BC1D38DB0E0002D487 /* Vendor */,
				11BB37771D38B9A00002D487 /* Supporting Files */,
			);
			path = SevenColorMovies;
			sourceTree = "<group>";
		};
		11BB37771D38B9A00002D487 /* Supporting Files */ = {
			isa = PBXGroup;
			children = (
				11BB37781D38B9A00002D487 /* main.m */,
				11BB37C51D38DF040002D487 /* PrefixHeader.pch */,
				11BB37831D38B9A00002D487 /* Assets.xcassets */,
				11BB37881D38B9A00002D487 /* Info.plist */,
			);
			name = "Supporting Files";
			sourceTree = "<group>";
		};
		11BB37901D38B9A00002D487 /* SevenColorMoviesTests */ = {
			isa = PBXGroup;
			children = (
				11BB37911D38B9A00002D487 /* SevenColorMoviesTests.m */,
				11BB37931D38B9A00002D487 /* Info.plist */,
			);
			path = SevenColorMoviesTests;
			sourceTree = "<group>";
		};
		11BB379B1D38B9A00002D487 /* SevenColorMoviesUITests */ = {
			isa = PBXGroup;
			children = (
				11BB379C1D38B9A00002D487 /* SevenColorMoviesUITests.m */,
				11BB379E1D38B9A00002D487 /* Info.plist */,
			);
			path = SevenColorMoviesUITests;
			sourceTree = "<group>";
		};
		11BB37BC1D38DB0E0002D487 /* Vendor */ = {
			isa = PBXGroup;
			children = (
				1122FF671D4A260E00E6E8A2 /* Log */,
				11D422601D49F4E400B4F9AE /* XMLParser */,
				11D422511D499FF900B4F9AE /* MJRefresh */,
			);
			name = Vendor;
			sourceTree = "<group>";
		};
		11BB37BD1D38DB160002D487 /* Discovery */ = {
			isa = PBXGroup;
			children = (
				113F8D921D3C705200B12D39 /* MainBody */,
				113F8D911D3C704E00B12D39 /* RemoteControl */,
			);
			name = Discovery;
			sourceTree = "<group>";
		};
		11BB37BE1D38DB1F0002D487 /* HomePage */ = {
			isa = PBXGroup;
			children = (
				113F8D8E1D3C700900B12D39 /* MainBody */,
				113F8D8F1D3C701B00B12D39 /* Banner */,
				115A21001D41B4E20097DE57 /* 点播栏 */,
				113F8D901D3C702000B12D39 /* Rank */,
				116E1D5B1D4B4D4600B488EC /* Sift筛选 */,
				115A21101D41F02F0097DE57 /* Teleplay电视剧 */,
				115A210F1D41F02B0097DE57 /* Moive电影 */,
				115A210E1D41F0260097DE57 /* Arts综艺 */,
				113E62E51D49F5FE00FB8F3A /* Model */,
			);
			name = HomePage;
			sourceTree = "<group>";
		};
		11BB37BF1D38DB220002D487 /* Tabbar */ = {
			isa = PBXGroup;
			children = (
				113F8D971D3C724100B12D39 /* SCMainTabBarViewController.h */,
				113F8D981D3C724100B12D39 /* SCMainTabBarViewController.m */,
			);
			name = Tabbar;
			sourceTree = "<group>";
		};
		11BB37C01D38DB250002D487 /* Utility */ = {
			isa = PBXGroup;
			children = (
				11BB37DB1D38F0540002D487 /* Category */,
			);
			name = Utility;
			sourceTree = "<group>";
		};
		11BB37C11D38DB290002D487 /* Classes */ = {
			isa = PBXGroup;
			children = (
				11BB37C21D38DB2D0002D487 /* Assistant */,
				11BB37D91D38F04E0002D487 /* Base */,
				116475FF1D40B98600A3BC1C /* Main */,
				11BB37BE1D38DB1F0002D487 /* HomePage */,
				11BB37BD1D38DB160002D487 /* Discovery */,
				11BB37CC1D38E5480002D487 /* News */,
				11BB37CB1D38E5440002D487 /* Mine */,
				11BB37DA1D38F0510002D487 /* NetRequestTool */,
				11BB37C01D38DB250002D487 /* Utility */,
				11BB37D81D38F0490002D487 /* Helper */,
			);
			name = Classes;
			sourceTree = "<group>";
		};
		11BB37C21D38DB2D0002D487 /* Assistant */ = {
			isa = PBXGroup;
			children = (
				11BB37C61D38E2120002D487 /* Configured.h */,
			);
			name = Assistant;
			sourceTree = "<group>";
		};
		11BB37C31D38DC320002D487 /* Storyboard */ = {
			isa = PBXGroup;
			children = (
				11BB37801D38B9A00002D487 /* Main.storyboard */,
				113F8D9A1D3C77E000B12D39 /* HomePage.storyboard */,
				11BB37CF1D38E5C00002D487 /* Discovery.storyboard */,
				11BB37D11D38E5C90002D487 /* News.storyboard */,
				11BB37D31D38E5D10002D487 /* Mine.storyboard */,
			);
			name = Storyboard;
			sourceTree = "<group>";
		};
		11BB37C41D38DC450002D487 /* Plist */ = {
			isa = PBXGroup;
			children = (
				11BB37C71D38E3A00002D487 /* devEnvironment.plist */,
				11BB37C91D38E3C20002D487 /* switchNetworkEnvironment.plist */,
			);
			name = Plist;
			sourceTree = "<group>";
		};
		11BB37CB1D38E5440002D487 /* Mine */ = {
			isa = PBXGroup;
			children = (
				113F8D961D3C706300B12D39 /* MainBody */,
				113F8D951D3C705D00B12D39 /* View */,
			);
			name = Mine;
			sourceTree = "<group>";
		};
		11BB37CC1D38E5480002D487 /* News */ = {
			isa = PBXGroup;
			children = (
				113F8D941D3C705900B12D39 /* MainBody */,
				113F8D931D3C705600B12D39 /* View */,
			);
			name = News;
			sourceTree = "<group>";
		};
		11BB37D81D38F0490002D487 /* Helper */ = {
			isa = PBXGroup;
			children = (
				1111A40D1D488D8A00C17B92 /* SCUserInfoManger.h */,
				1111A40E1D488D8A00C17B92 /* SCUserInfoManger.m */,
				1111A4261D48C51A00C17B92 /* SCLoadingView.h */,
				1111A4271D48C51A00C17B92 /* SCLoadingView.m */,
				11D4225B1D49A8EC00B4F9AE /* SCLoadingView.xib */,
				11D422581D49A42800B4F9AE /* SCComonFunc.h */,
				11D422591D49A42800B4F9AE /* SCComonFunc.m */,
				11BB37DC1D38F0580002D487 /* NetHelper */,
				1111A4071D488BE500C17B92 /* DNIPhoneInfo */,
				11DC2BC91D3DD76700012480 /* DownImageManger */,
				11BB37DD1D38F0890002D487 /* SCNetUrlManger */,
			);
			name = Helper;
			sourceTree = "<group>";
		};
		11BB37D91D38F04E0002D487 /* Base */ = {
			isa = PBXGroup;
			children = (
				11FACB471D3F16E100AAC216 /* SCBaseViewController.h */,
				11FACB481D3F16E100AAC216 /* SCBaseViewController.m */,
				115A21051D41B9750097DE57 /* SCOtherBaseViewController.h */,
				115A21061D41B9750097DE57 /* SCOtherBaseViewController.m */,
				11BE83161D3CBA1B00886CF6 /* BaseNavigationController.h */,
				11BE83171D3CBA1B00886CF6 /* BaseNavigationController.m */,
				11BE831F1D3CBC2300886CF6 /* Transition */,
				11BE83201D3CBC3D00886CF6 /* Animator */,
			);
			name = Base;
			sourceTree = "<group>";
		};
		11BB37DA1D38F0510002D487 /* NetRequestTool */ = {
			isa = PBXGroup;
			children = (
				1111A4041D4886B300C17B92 /* SCNetRequsetManger.h */,
				1111A4051D4886B300C17B92 /* SCNetRequsetManger.m */,
				11BE83211D3CD33C00886CF6 /* Home */,
				11BE83221D3CD34700886CF6 /* Discovery */,
				11BE83231D3CD35200886CF6 /* News */,
				11BE83241D3CD35900886CF6 /* Mine */,
			);
			name = NetRequestTool;
			sourceTree = "<group>";
		};
		11BB37DB1D38F0540002D487 /* Category */ = {
			isa = PBXGroup;
			children = (
				113F8D9C1D3C86EF00B12D39 /* UIImage+Addition.h */,
				113F8D9D1D3C86EF00B12D39 /* UIImage+Addition.m */,
				113F8D9F1D3CAAC200B12D39 /* UIColor+Addition.h */,
				113F8DA01D3CAAC200B12D39 /* UIColor+Addition.m */,
				11DC2BD61D3DFC6800012480 /* UIImageView+Addition.h */,
				11DC2BD71D3DFC6800012480 /* UIImageView+Addition.m */,
				11A1D0661D3F433900E2BA0D /* UIView+Addition.h */,
				11A1D0671D3F433900E2BA0D /* UIView+Addition.m */,
				1111A41D1D48A8D100C17B92 /* MBProgressHUD+Addidtion.h */,
				1111A41E1D48A8D100C17B92 /* MBProgressHUD+Addidtion.m */,
			);
			name = Category;
			sourceTree = "<group>";
		};
		11BB37DC1D38F0580002D487 /* NetHelper */ = {
			isa = PBXGroup;
			children = (
				1111A4101D48A62500C17B92 /* SCNetHelper.h */,
				1111A4111D48A62500C17B92 /* SCNetHelper.m */,
				1111A41C1D48A72300C17B92 /* New Group */,
			);
			name = NetHelper;
			sourceTree = "<group>";
		};
		11BB37DD1D38F0890002D487 /* SCNetUrlManger */ = {
			isa = PBXGroup;
			children = (
				11BB37DE1D38F0E00002D487 /* SCNetUrlManger.h */,
				11BB37DF1D38F0E00002D487 /* SCNetUrlManger.m */,
			);
			name = SCNetUrlManger;
			sourceTree = "<group>";
		};
		11BE831F1D3CBC2300886CF6 /* Transition */ = {
			isa = PBXGroup;
			children = (
				11BE83191D3CBADF00886CF6 /* NavigationInteractiveTransition.h */,
				11BE831A1D3CBADF00886CF6 /* NavigationInteractiveTransition.m */,
			);
			name = Transition;
			sourceTree = "<group>";
		};
		11BE83201D3CBC3D00886CF6 /* Animator */ = {
			isa = PBXGroup;
			children = (
				11BE831C1D3CBB3E00886CF6 /* NavigationPopAnimation.h */,
				11BE831D1D3CBB3E00886CF6 /* NavigationPopAnimation.m */,
			);
			name = Animator;
			sourceTree = "<group>";
		};
		11BE83211D3CD33C00886CF6 /* Home */ = {
			isa = PBXGroup;
			children = (
				1111A4201D48B2E000C17B92 /* SCNetRequsetManger+Home.h */,
				1111A4211D48B2E000C17B92 /* SCNetRequsetManger+Home.m */,
			);
			name = Home;
			sourceTree = "<group>";
		};
		11BE83221D3CD34700886CF6 /* Discovery */ = {
			isa = PBXGroup;
			children = (
			);
			name = Discovery;
			sourceTree = "<group>";
		};
		11BE83231D3CD35200886CF6 /* News */ = {
			isa = PBXGroup;
			children = (
			);
			name = News;
			sourceTree = "<group>";
		};
		11BE83241D3CD35900886CF6 /* Mine */ = {
			isa = PBXGroup;
			children = (
			);
			name = Mine;
			sourceTree = "<group>";
		};
		11D422511D499FF900B4F9AE /* MJRefresh */ = {
			isa = PBXGroup;
			children = (
				11D422521D49A1A400B4F9AE /* DONG_RefreshGifHeader.h */,
				11D422531D49A1A400B4F9AE /* DONG_RefreshGifHeader.m */,
				11D422551D49A20800B4F9AE /* DONG_RefreshGifFooter.h */,
				11D422561D49A20800B4F9AE /* DONG_RefreshGifFooter.m */,
			);
			name = MJRefresh;
			sourceTree = "<group>";
		};
		11D422601D49F4E400B4F9AE /* XMLParser */ = {
			isa = PBXGroup;
			children = (
				11D4225D1D49E83D00B4F9AE /* XMLDictionary.h */,
				11D4225E1D49E83D00B4F9AE /* XMLDictionary.m */,
			);
			name = XMLParser;
			sourceTree = "<group>";
		};
		11DC2BBE1D3DCD2900012480 /* Cell */ = {
			isa = PBXGroup;
			children = (
				11DC2BBF1D3DCDEA00012480 /* SCDemandChannelCell.h */,
				11DC2BC01D3DCDEA00012480 /* SCDemandChannelCell.m */,
				11DC2BC21D3DCE6700012480 /* SCDemandChannelItemCell.h */,
				11DC2BC31D3DCE6700012480 /* SCDemandChannelItemCell.m */,
				11DC2BC51D3DD48400012480 /* SCDemandChannelItemCell.xib */,
				11458E8C1D45D7E000EBD16D /* SCHomePageFlowLayout.h */,
				11458E8D1D45D7E000EBD16D /* SCHomePageFlowLayout.m */,
				11458E8F1D45D86800EBD16D /* SCHomePageSectionBGReusableView.h */,
				11458E901D45D86800EBD16D /* SCHomePageSectionBGReusableView.m */,
				11458E911D45D86800EBD16D /* SCHomePageSectionBGReusableView.xib */,
			);
			name = Cell;
			sourceTree = "<group>";
		};
		11DC2BC91D3DD76700012480 /* DownImageManger */ = {
			isa = PBXGroup;
			children = (
				11DC2BCA1D3DD88600012480 /* IMB_DownImageView.h */,
				11DC2BCB1D3DD88600012480 /* IMB_DownImageView.m */,
				11DC2BCD1D3DD8FE00012480 /* IMB_DownImageHelper.h */,
				11DC2BCE1D3DD8FE00012480 /* IMB_DownImageHelper.m */,
			);
			name = DownImageManger;
			sourceTree = "<group>";
		};
		56CA4D536ADE803AF87BD5DE /* Pods */ = {
			isa = PBXGroup;
			children = (
				BB7417922FA2A9215D327938 /* Pods-SevenColorMovies.debug.xcconfig */,
				44844E586861AA1504AA2D05 /* Pods-SevenColorMovies.release.xcconfig */,
			);
			name = Pods;
			sourceTree = "<group>";
		};
		EA43CF5B333599320E8DB727 /* Frameworks */ = {
			isa = PBXGroup;
			children = (
				BC708BBEF15757C0083C8CE3 /* libPods-SevenColorMovies.a */,
			);
			name = Frameworks;
			sourceTree = "<group>";
		};
/* End PBXGroup section */

/* Begin PBXNativeTarget section */
		11BB37731D38B9A00002D487 /* SevenColorMovies */ = {
			isa = PBXNativeTarget;
			buildConfigurationList = 11BB37A11D38B9A00002D487 /* Build configuration list for PBXNativeTarget "SevenColorMovies" */;
			buildPhases = (
				7F9C35CE23A7A99887354ED1 /* Check Pods Manifest.lock */,
				11BB37701D38B9A00002D487 /* Sources */,
				11BB37711D38B9A00002D487 /* Frameworks */,
				11BB37721D38B9A00002D487 /* Resources */,
				76A379AB0C02107AB0C9423C /* Embed Pods Frameworks */,
				C8A738FC5EA155D379B4AEA1 /* Copy Pods Resources */,
			);
			buildRules = (
			);
			dependencies = (
			);
			name = SevenColorMovies;
			productName = SevenColorMovies;
			productReference = 11BB37741D38B9A00002D487 /* SevenColorMovies.app */;
			productType = "com.apple.product-type.application";
		};
		11BB378C1D38B9A00002D487 /* SevenColorMoviesTests */ = {
			isa = PBXNativeTarget;
			buildConfigurationList = 11BB37A41D38B9A00002D487 /* Build configuration list for PBXNativeTarget "SevenColorMoviesTests" */;
			buildPhases = (
				11BB37891D38B9A00002D487 /* Sources */,
				11BB378A1D38B9A00002D487 /* Frameworks */,
				11BB378B1D38B9A00002D487 /* Resources */,
			);
			buildRules = (
			);
			dependencies = (
				11BB378F1D38B9A00002D487 /* PBXTargetDependency */,
			);
			name = SevenColorMoviesTests;
			productName = SevenColorMoviesTests;
			productReference = 11BB378D1D38B9A00002D487 /* SevenColorMoviesTests.xctest */;
			productType = "com.apple.product-type.bundle.unit-test";
		};
		11BB37971D38B9A00002D487 /* SevenColorMoviesUITests */ = {
			isa = PBXNativeTarget;
			buildConfigurationList = 11BB37A71D38B9A00002D487 /* Build configuration list for PBXNativeTarget "SevenColorMoviesUITests" */;
			buildPhases = (
				11BB37941D38B9A00002D487 /* Sources */,
				11BB37951D38B9A00002D487 /* Frameworks */,
				11BB37961D38B9A00002D487 /* Resources */,
			);
			buildRules = (
			);
			dependencies = (
				11BB379A1D38B9A00002D487 /* PBXTargetDependency */,
			);
			name = SevenColorMoviesUITests;
			productName = SevenColorMoviesUITests;
			productReference = 11BB37981D38B9A00002D487 /* SevenColorMoviesUITests.xctest */;
			productType = "com.apple.product-type.bundle.ui-testing";
		};
/* End PBXNativeTarget section */

/* Begin PBXProject section */
		11BB376C1D38B9A00002D487 /* Project object */ = {
			isa = PBXProject;
			attributes = {
				LastUpgradeCheck = 0730;
				ORGANIZATIONNAME = yesdgq;
				TargetAttributes = {
					11BB37731D38B9A00002D487 = {
						CreatedOnToolsVersion = 7.3;
						DevelopmentTeam = J5EPCRFAR9;
					};
					11BB378C1D38B9A00002D487 = {
						CreatedOnToolsVersion = 7.3;
						TestTargetID = 11BB37731D38B9A00002D487;
					};
					11BB37971D38B9A00002D487 = {
						CreatedOnToolsVersion = 7.3;
						TestTargetID = 11BB37731D38B9A00002D487;
					};
				};
			};
			buildConfigurationList = 11BB376F1D38B9A00002D487 /* Build configuration list for PBXProject "SevenColorMovies" */;
			compatibilityVersion = "Xcode 3.2";
			developmentRegion = English;
			hasScannedForEncodings = 0;
			knownRegions = (
				en,
				Base,
			);
			mainGroup = 11BB376B1D38B9A00002D487;
			productRefGroup = 11BB37751D38B9A00002D487 /* Products */;
			projectDirPath = "";
			projectRoot = "";
			targets = (
				11BB37731D38B9A00002D487 /* SevenColorMovies */,
				11BB378C1D38B9A00002D487 /* SevenColorMoviesTests */,
				11BB37971D38B9A00002D487 /* SevenColorMoviesUITests */,
			);
		};
/* End PBXProject section */

/* Begin PBXResourcesBuildPhase section */
		11BB37721D38B9A00002D487 /* Resources */ = {
			isa = PBXResourcesBuildPhase;
			buildActionMask = 2147483647;
			files = (
				11458EA31D45FEE200EBD16D /* SCMineTopCell.xib in Resources */,
				11458E981D45E0D500EBD16D /* SCDiscoveryTableViewCell.xib in Resources */,
				113F8D9B1D3C77E000B12D39 /* HomePage.storyboard in Resources */,
				116475F51D40988700A3BC1C /* SCOptionalVideoTableViewCell.xib in Resources */,
				11DC2BC61D3DD48400012480 /* SCDemandChannelItemCell.xib in Resources */,
				11458E931D45D86800EBD16D /* SCHomePageSectionBGReusableView.xib in Resources */,
				116475FA1D4098EF00A3BC1C /* SCPastVideoTableViewCell.xib in Resources */,
				11A1D0721D3F62FD00E2BA0D /* SCRankOtherCell.xib in Resources */,
				11458EA81D45FF2D00EBD16D /* SCMineOtherCell.xib in Resources */,
				11D4225C1D49A8EC00B4F9AE /* SCLoadingView.xib in Resources */,
				11C8CFBC1D45157B00C04F38 /* SCRankTopRowCollectionViewCell.xib in Resources */,
				11BB37D01D38E5C00002D487 /* Discovery.storyboard in Resources */,
				11BB37841D38B9A00002D487 /* Assets.xcassets in Resources */,
				1196A0741D42650A00B3C5EF /* SCMovieEpisodeCell.xib in Resources */,
				11BB37D41D38E5D10002D487 /* Mine.storyboard in Resources */,
				11BB37D21D38E5C90002D487 /* News.storyboard in Resources */,
				11BB37C81D38E3A00002D487 /* devEnvironment.plist in Resources */,
				1164760A1D40CA8900A3BC1C /* SCChannelCatalogueCell.xib in Resources */,
				11BB37CA1D38E3C20002D487 /* switchNetworkEnvironment.plist in Resources */,
				11BB37821D38B9A00002D487 /* Main.storyboard in Resources */,
			);
			runOnlyForDeploymentPostprocessing = 0;
		};
		11BB378B1D38B9A00002D487 /* Resources */ = {
			isa = PBXResourcesBuildPhase;
			buildActionMask = 2147483647;
			files = (
			);
			runOnlyForDeploymentPostprocessing = 0;
		};
		11BB37961D38B9A00002D487 /* Resources */ = {
			isa = PBXResourcesBuildPhase;
			buildActionMask = 2147483647;
			files = (
			);
			runOnlyForDeploymentPostprocessing = 0;
		};
/* End PBXResourcesBuildPhase section */

/* Begin PBXShellScriptBuildPhase section */
		76A379AB0C02107AB0C9423C /* Embed Pods Frameworks */ = {
			isa = PBXShellScriptBuildPhase;
			buildActionMask = 2147483647;
			files = (
			);
			inputPaths = (
			);
			name = "Embed Pods Frameworks";
			outputPaths = (
			);
			runOnlyForDeploymentPostprocessing = 0;
			shellPath = /bin/sh;
			shellScript = "\"${SRCROOT}/Pods/Target Support Files/Pods-SevenColorMovies/Pods-SevenColorMovies-frameworks.sh\"\n";
			showEnvVarsInLog = 0;
		};
		7F9C35CE23A7A99887354ED1 /* Check Pods Manifest.lock */ = {
			isa = PBXShellScriptBuildPhase;
			buildActionMask = 2147483647;
			files = (
			);
			inputPaths = (
			);
			name = "Check Pods Manifest.lock";
			outputPaths = (
			);
			runOnlyForDeploymentPostprocessing = 0;
			shellPath = /bin/sh;
			shellScript = "diff \"${PODS_ROOT}/../Podfile.lock\" \"${PODS_ROOT}/Manifest.lock\" > /dev/null\nif [[ $? != 0 ]] ; then\n    cat << EOM\nerror: The sandbox is not in sync with the Podfile.lock. Run 'pod install' or update your CocoaPods installation.\nEOM\n    exit 1\nfi\n";
			showEnvVarsInLog = 0;
		};
		C8A738FC5EA155D379B4AEA1 /* Copy Pods Resources */ = {
			isa = PBXShellScriptBuildPhase;
			buildActionMask = 2147483647;
			files = (
			);
			inputPaths = (
			);
			name = "Copy Pods Resources";
			outputPaths = (
			);
			runOnlyForDeploymentPostprocessing = 0;
			shellPath = /bin/sh;
			shellScript = "\"${SRCROOT}/Pods/Target Support Files/Pods-SevenColorMovies/Pods-SevenColorMovies-resources.sh\"\n";
			showEnvVarsInLog = 0;
		};
/* End PBXShellScriptBuildPhase section */

/* Begin PBXSourcesBuildPhase section */
		11BB37701D38B9A00002D487 /* Sources */ = {
			isa = PBXSourcesBuildPhase;
			buildActionMask = 2147483647;
			files = (
				1190AC761D49F9EA004AAF23 /* SCFilmListModel.m in Sources */,
				11D4225F1D49E83D00B4F9AE /* XMLDictionary.m in Sources */,
				11458E8E1D45D7E000EBD16D /* SCHomePageFlowLayout.m in Sources */,
				1122FF661D4A22E900E6E8A2 /* NSDictionary+Log.m in Sources */,
				11458E971D45E0D500EBD16D /* SCDiscoveryTableViewCell.m in Sources */,
				11FACB4C1D3F19A000AAC216 /* SCSearchBarView.m in Sources */,
				11BB37D71D38E6650002D487 /* SCHomePageViewController.m in Sources */,
				1122FF651D4A22E900E6E8A2 /* NSArray+Log.m in Sources */,
				116475F91D4098EF00A3BC1C /* SCPastVideoTableViewCell.m in Sources */,
				1111A41F1D48A8D100C17B92 /* MBProgressHUD+Addidtion.m in Sources */,
				11D4225A1D49A42800B4F9AE /* SCComonFunc.m in Sources */,
				11458EA21D45FEE200EBD16D /* SCMineTopCell.m in Sources */,
				113F8D991D3C724100B12D39 /* SCMainTabBarViewController.m in Sources */,
				11BB377C1D38B9A00002D487 /* AppDelegate.m in Sources */,
				113F8D8A1D3C6FE800B12D39 /* SCNewsViewController.m in Sources */,
				11DC2BC41D3DCE6700012480 /* SCDemandChannelItemCell.m in Sources */,
				11458E921D45D86800EBD16D /* SCHomePageSectionBGReusableView.m in Sources */,
				11458EA71D45FF2D00EBD16D /* SCMineOtherCell.m in Sources */,
				116E1D5E1D4B4E0200B488EC /* SCSiftViewController.m in Sources */,
				116475EE1D40977100A3BC1C /* SCOptionalVideoTableView.m in Sources */,
				1111A41A1D48A71300C17B92 /* QIReachability.m in Sources */,
				11D422541D49A1A400B4F9AE /* DONG_RefreshGifHeader.m in Sources */,
				115A21041D41B62D0097DE57 /* SCChannelCategoryVC.m in Sources */,
				1111A4221D48B2E000C17B92 /* SCNetRequsetManger+Home.m in Sources */,
				113F8D871D3C6FC800B12D39 /* SCDiscoveryViewController.m in Sources */,
				1112D74B1D405D51009A5C35 /* SCSlideHeaderLabel.m in Sources */,
				11BB37791D38B9A00002D487 /* main.m in Sources */,
				11A1D0751D3F785600E2BA0D /* SCSearchViewController.m in Sources */,
				1111A4191D48A71300C17B92 /* QINetReachabilityManager.m in Sources */,
				11458E9C1D45EECE00EBD16D /* SCDiscoveryCellModel.m in Sources */,
				1111A4121D48A62500C17B92 /* SCNetHelper.m in Sources */,
				1111A4061D4886B300C17B92 /* SCNetRequsetManger.m in Sources */,
				11BE831E1D3CBB3E00886CF6 /* NavigationPopAnimation.m in Sources */,
				1111A41B1D48A71300C17B92 /* Reachability.m in Sources */,
				11A1D0701D3F62E800E2BA0D /* SCRankOtherCell.m in Sources */,
				115A212D1D42293D0097DE57 /* SCMoiveRecommendationVC.m in Sources */,
				1190AC791D4A00D9004AAF23 /* SCFilmClassModel.m in Sources */,
				11DC2BC11D3DCDEA00012480 /* SCDemandChannelCell.m in Sources */,
				11A1D06C1D3F508E00E2BA0D /* SCRankViewController.m in Sources */,
				115A21271D4228750097DE57 /* SCMoiveAllEpisodesVC.m in Sources */,
				11D422571D49A20800B4F9AE /* DONG_RefreshGifFooter.m in Sources */,
				11BB37E01D38F0E00002D487 /* SCNetUrlManger.m in Sources */,
				11DC2BCF1D3DD8FE00012480 /* IMB_DownImageHelper.m in Sources */,
				116E1D5A1D4B40B700B488EC /* SCRankTopRowTableViewCell.m in Sources */,
				116E1D571D4AFAF800B488EC /* SCBannerModel.m in Sources */,
				116476041D40BA3D00A3BC1C /* SCChannelCatalogueVC.m in Sources */,
				11DC2BD81D3DFC6800012480 /* UIImageView+Addition.m in Sources */,
				115A21161D41F5E30097DE57 /* SCMoivePlayerVC.m in Sources */,
				11DC2BCC1D3DD88600012480 /* IMB_DownImageView.m in Sources */,
				115A21071D41B9750097DE57 /* SCOtherBaseViewController.m in Sources */,
				116E1D611D4B5A9E00B488EC /* SCRemoteControlVC.m in Sources */,
				11A1D0681D3F433900E2BA0D /* UIView+Addition.m in Sources */,
				11BE83151D3CB56B00886CF6 /* SCSycleBanner.m in Sources */,
				11BE83181D3CBA1B00886CF6 /* BaseNavigationController.m in Sources */,
				116475F41D40988700A3BC1C /* SCOptionalVideoTableViewCell.m in Sources */,
				1111A40B1D488C1E00C17B92 /* DNIPhoneInfo.m in Sources */,
				116475FD1D40ADDC00A3BC1C /* SCPastVideoTableView.m in Sources */,
				113F8D8D1D3C6FFB00B12D39 /* SCMineViewController.m in Sources */,
				1111A4031D48584C00C17B92 /* LXReorderableCollectionViewFlowLayout.m in Sources */,
				115A21191D41F5FD0097DE57 /* SCArtsPlayerVC.m in Sources */,
				113F8D9E1D3C86EF00B12D39 /* UIImage+Addition.m in Sources */,
				115A212A1D42290C0097DE57 /* SCMoiveIntroduceVC.m in Sources */,
				115A21131D41F5BF0097DE57 /* SCTeleplayPlayerVC.m in Sources */,
				113F8DA11D3CAAC200B12D39 /* UIColor+Addition.m in Sources */,
				116476091D40CA8900A3BC1C /* SCChannelCatalogueCell.m in Sources */,
				113E62E81D49F63100FB8F3A /* SCFilmModel.m in Sources */,
				11FACB491D3F16E100AAC216 /* SCBaseViewController.m in Sources */,
				1111A40F1D488D8A00C17B92 /* SCUserInfoManger.m in Sources */,
				11BE831B1D3CBADF00886CF6 /* NavigationInteractiveTransition.m in Sources */,
				1111A4281D48C51A00C17B92 /* SCLoadingView.m in Sources */,
				11C8CFBB1D45157B00C04F38 /* SCRankTopRowCollectionViewCell.m in Sources */,
				1196A0731D42650A00B3C5EF /* SCMovieEpisodeCell.m in Sources */,
			);
			runOnlyForDeploymentPostprocessing = 0;
		};
		11BB37891D38B9A00002D487 /* Sources */ = {
			isa = PBXSourcesBuildPhase;
			buildActionMask = 2147483647;
			files = (
				11BB37921D38B9A00002D487 /* SevenColorMoviesTests.m in Sources */,
			);
			runOnlyForDeploymentPostprocessing = 0;
		};
		11BB37941D38B9A00002D487 /* Sources */ = {
			isa = PBXSourcesBuildPhase;
			buildActionMask = 2147483647;
			files = (
				11BB379D1D38B9A00002D487 /* SevenColorMoviesUITests.m in Sources */,
			);
			runOnlyForDeploymentPostprocessing = 0;
		};
/* End PBXSourcesBuildPhase section */

/* Begin PBXTargetDependency section */
		11BB378F1D38B9A00002D487 /* PBXTargetDependency */ = {
			isa = PBXTargetDependency;
			target = 11BB37731D38B9A00002D487 /* SevenColorMovies */;
			targetProxy = 11BB378E1D38B9A00002D487 /* PBXContainerItemProxy */;
		};
		11BB379A1D38B9A00002D487 /* PBXTargetDependency */ = {
			isa = PBXTargetDependency;
			target = 11BB37731D38B9A00002D487 /* SevenColorMovies */;
			targetProxy = 11BB37991D38B9A00002D487 /* PBXContainerItemProxy */;
		};
/* End PBXTargetDependency section */

/* Begin PBXVariantGroup section */
		11BB37801D38B9A00002D487 /* Main.storyboard */ = {
			isa = PBXVariantGroup;
			children = (
				11BB37811D38B9A00002D487 /* Base */,
			);
			name = Main.storyboard;
			sourceTree = "<group>";
		};
/* End PBXVariantGroup section */

/* Begin XCBuildConfiguration section */
		11BB379F1D38B9A00002D487 /* Debug */ = {
			isa = XCBuildConfiguration;
			buildSettings = {
				ALWAYS_SEARCH_USER_PATHS = NO;
				CLANG_ANALYZER_NONNULL = YES;
				CLANG_CXX_LANGUAGE_STANDARD = "gnu++0x";
				CLANG_CXX_LIBRARY = "libc++";
				CLANG_ENABLE_MODULES = YES;
				CLANG_ENABLE_OBJC_ARC = YES;
				CLANG_WARN_BOOL_CONVERSION = YES;
				CLANG_WARN_CONSTANT_CONVERSION = YES;
				CLANG_WARN_DIRECT_OBJC_ISA_USAGE = YES_ERROR;
				CLANG_WARN_EMPTY_BODY = YES;
				CLANG_WARN_ENUM_CONVERSION = YES;
				CLANG_WARN_INT_CONVERSION = YES;
				CLANG_WARN_OBJC_ROOT_CLASS = YES_ERROR;
				CLANG_WARN_UNREACHABLE_CODE = YES;
				CLANG_WARN__DUPLICATE_METHOD_MATCH = YES;
				"CODE_SIGN_IDENTITY[sdk=iphoneos*]" = "iPhone Developer";
				COPY_PHASE_STRIP = NO;
				DEBUG_INFORMATION_FORMAT = dwarf;
				ENABLE_STRICT_OBJC_MSGSEND = YES;
				ENABLE_TESTABILITY = YES;
				GCC_C_LANGUAGE_STANDARD = gnu99;
				GCC_DYNAMIC_NO_PIC = NO;
				GCC_NO_COMMON_BLOCKS = YES;
				GCC_OPTIMIZATION_LEVEL = 0;
				GCC_PREPROCESSOR_DEFINITIONS = (
					"DEBUG=1",
					"$(inherited)",
				);
				GCC_WARN_64_TO_32_BIT_CONVERSION = YES;
				GCC_WARN_ABOUT_RETURN_TYPE = YES_ERROR;
				GCC_WARN_UNDECLARED_SELECTOR = YES;
				GCC_WARN_UNINITIALIZED_AUTOS = YES_AGGRESSIVE;
				GCC_WARN_UNUSED_FUNCTION = YES;
				GCC_WARN_UNUSED_VARIABLE = YES;
				IPHONEOS_DEPLOYMENT_TARGET = 9.3;
				MTL_ENABLE_DEBUG_INFO = YES;
				ONLY_ACTIVE_ARCH = YES;
				SDKROOT = iphoneos;
			};
			name = Debug;
		};
		11BB37A01D38B9A00002D487 /* Release */ = {
			isa = XCBuildConfiguration;
			buildSettings = {
				ALWAYS_SEARCH_USER_PATHS = NO;
				CLANG_ANALYZER_NONNULL = YES;
				CLANG_CXX_LANGUAGE_STANDARD = "gnu++0x";
				CLANG_CXX_LIBRARY = "libc++";
				CLANG_ENABLE_MODULES = YES;
				CLANG_ENABLE_OBJC_ARC = YES;
				CLANG_WARN_BOOL_CONVERSION = YES;
				CLANG_WARN_CONSTANT_CONVERSION = YES;
				CLANG_WARN_DIRECT_OBJC_ISA_USAGE = YES_ERROR;
				CLANG_WARN_EMPTY_BODY = YES;
				CLANG_WARN_ENUM_CONVERSION = YES;
				CLANG_WARN_INT_CONVERSION = YES;
				CLANG_WARN_OBJC_ROOT_CLASS = YES_ERROR;
				CLANG_WARN_UNREACHABLE_CODE = YES;
				CLANG_WARN__DUPLICATE_METHOD_MATCH = YES;
				"CODE_SIGN_IDENTITY[sdk=iphoneos*]" = "iPhone Developer";
				COPY_PHASE_STRIP = NO;
				DEBUG_INFORMATION_FORMAT = "dwarf-with-dsym";
				ENABLE_NS_ASSERTIONS = NO;
				ENABLE_STRICT_OBJC_MSGSEND = YES;
				GCC_C_LANGUAGE_STANDARD = gnu99;
				GCC_NO_COMMON_BLOCKS = YES;
				GCC_WARN_64_TO_32_BIT_CONVERSION = YES;
				GCC_WARN_ABOUT_RETURN_TYPE = YES_ERROR;
				GCC_WARN_UNDECLARED_SELECTOR = YES;
				GCC_WARN_UNINITIALIZED_AUTOS = YES_AGGRESSIVE;
				GCC_WARN_UNUSED_FUNCTION = YES;
				GCC_WARN_UNUSED_VARIABLE = YES;
				IPHONEOS_DEPLOYMENT_TARGET = 9.3;
				MTL_ENABLE_DEBUG_INFO = NO;
				SDKROOT = iphoneos;
				VALIDATE_PRODUCT = YES;
			};
			name = Release;
		};
		11BB37A21D38B9A00002D487 /* Debug */ = {
			isa = XCBuildConfiguration;
			baseConfigurationReference = BB7417922FA2A9215D327938 /* Pods-SevenColorMovies.debug.xcconfig */;
			buildSettings = {
				ASSETCATALOG_COMPILER_APPICON_NAME = AppIcon;
				ASSETCATALOG_COMPILER_LAUNCHIMAGE_NAME = LaunchImage;
				CODE_SIGN_IDENTITY = "iPhone Developer";
				"CODE_SIGN_IDENTITY[sdk=iphoneos*]" = "iPhone Developer: MengJiao Zhang (492V3PZ5UY)";
				GCC_PRECOMPILE_PREFIX_HEADER = YES;
				GCC_PREFIX_HEADER = /Users/yesdgq/Desktop/SevenColorMovies/SevenColorMovies/PrefixHeader.pch;
				INFOPLIST_FILE = SevenColorMovies/Info.plist;
				IPHONEOS_DEPLOYMENT_TARGET = 8.0;
				LD_RUNPATH_SEARCH_PATHS = "$(inherited) @executable_path/Frameworks";
				PRODUCT_BUNDLE_IDENTIFIER = com.midou.enpr;
				PRODUCT_NAME = "$(TARGET_NAME)";
				PROVISIONING_PROFILE = "d6f640e3-494f-446d-8396-d4e91e1e3e40";
			};
			name = Debug;
		};
		11BB37A31D38B9A00002D487 /* Release */ = {
			isa = XCBuildConfiguration;
			baseConfigurationReference = 44844E586861AA1504AA2D05 /* Pods-SevenColorMovies.release.xcconfig */;
			buildSettings = {
				ASSETCATALOG_COMPILER_APPICON_NAME = AppIcon;
				ASSETCATALOG_COMPILER_LAUNCHIMAGE_NAME = LaunchImage;
				CODE_SIGN_IDENTITY = "iPhone Developer";
				"CODE_SIGN_IDENTITY[sdk=iphoneos*]" = "iPhone Developer: MengJiao Zhang (492V3PZ5UY)";
				GCC_PRECOMPILE_PREFIX_HEADER = YES;
				GCC_PREFIX_HEADER = /Users/yesdgq/Desktop/SevenColorMovies/SevenColorMovies/PrefixHeader.pch;
				INFOPLIST_FILE = SevenColorMovies/Info.plist;
				IPHONEOS_DEPLOYMENT_TARGET = 8.0;
				LD_RUNPATH_SEARCH_PATHS = "$(inherited) @executable_path/Frameworks";
				PRODUCT_BUNDLE_IDENTIFIER = com.midou.enpr;
				PRODUCT_NAME = "$(TARGET_NAME)";
				PROVISIONING_PROFILE = "d6f640e3-494f-446d-8396-d4e91e1e3e40";
			};
			name = Release;
		};
		11BB37A51D38B9A00002D487 /* Debug */ = {
			isa = XCBuildConfiguration;
			buildSettings = {
				BUNDLE_LOADER = "$(TEST_HOST)";
				INFOPLIST_FILE = SevenColorMoviesTests/Info.plist;
				LD_RUNPATH_SEARCH_PATHS = "$(inherited) @executable_path/Frameworks @loader_path/Frameworks";
				PRODUCT_BUNDLE_IDENTIFIER = abc.SevenColorMoviesTests;
				PRODUCT_NAME = "$(TARGET_NAME)";
				TEST_HOST = "$(BUILT_PRODUCTS_DIR)/SevenColorMovies.app/SevenColorMovies";
			};
			name = Debug;
		};
		11BB37A61D38B9A00002D487 /* Release */ = {
			isa = XCBuildConfiguration;
			buildSettings = {
				BUNDLE_LOADER = "$(TEST_HOST)";
				INFOPLIST_FILE = SevenColorMoviesTests/Info.plist;
				LD_RUNPATH_SEARCH_PATHS = "$(inherited) @executable_path/Frameworks @loader_path/Frameworks";
				PRODUCT_BUNDLE_IDENTIFIER = abc.SevenColorMoviesTests;
				PRODUCT_NAME = "$(TARGET_NAME)";
				TEST_HOST = "$(BUILT_PRODUCTS_DIR)/SevenColorMovies.app/SevenColorMovies";
			};
			name = Release;
		};
		11BB37A81D38B9A00002D487 /* Debug */ = {
			isa = XCBuildConfiguration;
			buildSettings = {
				INFOPLIST_FILE = SevenColorMoviesUITests/Info.plist;
				LD_RUNPATH_SEARCH_PATHS = "$(inherited) @executable_path/Frameworks @loader_path/Frameworks";
				PRODUCT_BUNDLE_IDENTIFIER = abc.SevenColorMoviesUITests;
				PRODUCT_NAME = "$(TARGET_NAME)";
				TEST_TARGET_NAME = SevenColorMovies;
			};
			name = Debug;
		};
		11BB37A91D38B9A00002D487 /* Release */ = {
			isa = XCBuildConfiguration;
			buildSettings = {
				INFOPLIST_FILE = SevenColorMoviesUITests/Info.plist;
				LD_RUNPATH_SEARCH_PATHS = "$(inherited) @executable_path/Frameworks @loader_path/Frameworks";
				PRODUCT_BUNDLE_IDENTIFIER = abc.SevenColorMoviesUITests;
				PRODUCT_NAME = "$(TARGET_NAME)";
				TEST_TARGET_NAME = SevenColorMovies;
			};
			name = Release;
		};
/* End XCBuildConfiguration section */

/* Begin XCConfigurationList section */
		11BB376F1D38B9A00002D487 /* Build configuration list for PBXProject "SevenColorMovies" */ = {
			isa = XCConfigurationList;
			buildConfigurations = (
				11BB379F1D38B9A00002D487 /* Debug */,
				11BB37A01D38B9A00002D487 /* Release */,
			);
			defaultConfigurationIsVisible = 0;
			defaultConfigurationName = Release;
		};
		11BB37A11D38B9A00002D487 /* Build configuration list for PBXNativeTarget "SevenColorMovies" */ = {
			isa = XCConfigurationList;
			buildConfigurations = (
				11BB37A21D38B9A00002D487 /* Debug */,
				11BB37A31D38B9A00002D487 /* Release */,
			);
			defaultConfigurationIsVisible = 0;
			defaultConfigurationName = Release;
		};
		11BB37A41D38B9A00002D487 /* Build configuration list for PBXNativeTarget "SevenColorMoviesTests" */ = {
			isa = XCConfigurationList;
			buildConfigurations = (
				11BB37A51D38B9A00002D487 /* Debug */,
				11BB37A61D38B9A00002D487 /* Release */,
			);
			defaultConfigurationIsVisible = 0;
			defaultConfigurationName = Release;
		};
		11BB37A71D38B9A00002D487 /* Build configuration list for PBXNativeTarget "SevenColorMoviesUITests" */ = {
			isa = XCConfigurationList;
			buildConfigurations = (
				11BB37A81D38B9A00002D487 /* Debug */,
				11BB37A91D38B9A00002D487 /* Release */,
			);
			defaultConfigurationIsVisible = 0;
			defaultConfigurationName = Release;
		};
/* End XCConfigurationList section */
	};
	rootObject = 11BB376C1D38B9A00002D487 /* Project object */;
}
