// !$*UTF8*$!
{
	archiveVersion = 1;
	classes = {
	};
	objectVersion = 46;
	objects = {

/* Begin PBXBuildFile section */
		113F8D871D3C6FC800B12D39 /* SCDiscoveryViewController.m in Sources */ = {isa = PBXBuildFile; fileRef = 113F8D861D3C6FC800B12D39 /* SCDiscoveryViewController.m */; };
		113F8D8A1D3C6FE800B12D39 /* SCNewsViewController.m in Sources */ = {isa = PBXBuildFile; fileRef = 113F8D891D3C6FE800B12D39 /* SCNewsViewController.m */; };
		113F8D8D1D3C6FFB00B12D39 /* SCMineViewController.m in Sources */ = {isa = PBXBuildFile; fileRef = 113F8D8C1D3C6FFB00B12D39 /* SCMineViewController.m */; };
		113F8D991D3C724100B12D39 /* SCMainTabBarViewController.m in Sources */ = {isa = PBXBuildFile; fileRef = 113F8D981D3C724100B12D39 /* SCMainTabBarViewController.m */; };
		113F8D9B1D3C77E000B12D39 /* HomePage.storyboard in Resources */ = {isa = PBXBuildFile; fileRef = 113F8D9A1D3C77E000B12D39 /* HomePage.storyboard */; };
		113F8D9E1D3C86EF00B12D39 /* UIImage+Addition.m in Sources */ = {isa = PBXBuildFile; fileRef = 113F8D9D1D3C86EF00B12D39 /* UIImage+Addition.m */; };
		113F8DA11D3CAAC200B12D39 /* UIColor+Addition.m in Sources */ = {isa = PBXBuildFile; fileRef = 113F8DA01D3CAAC200B12D39 /* UIColor+Addition.m */; };
		11A1D0681D3F433900E2BA0D /* UIView+Addition.m in Sources */ = {isa = PBXBuildFile; fileRef = 11A1D0671D3F433900E2BA0D /* UIView+Addition.m */; };
		11A1D06C1D3F508E00E2BA0D /* SCRankViewController.m in Sources */ = {isa = PBXBuildFile; fileRef = 11A1D06B1D3F508E00E2BA0D /* SCRankViewController.m */; };
		11BB37791D38B9A00002D487 /* main.m in Sources */ = {isa = PBXBuildFile; fileRef = 11BB37781D38B9A00002D487 /* main.m */; };
		11BB377C1D38B9A00002D487 /* AppDelegate.m in Sources */ = {isa = PBXBuildFile; fileRef = 11BB377B1D38B9A00002D487 /* AppDelegate.m */; };
		11BB37821D38B9A00002D487 /* Main.storyboard in Resources */ = {isa = PBXBuildFile; fileRef = 11BB37801D38B9A00002D487 /* Main.storyboard */; };
		11BB37841D38B9A00002D487 /* Assets.xcassets in Resources */ = {isa = PBXBuildFile; fileRef = 11BB37831D38B9A00002D487 /* Assets.xcassets */; };
		11BB37921D38B9A00002D487 /* SevenColorMoviesTests.m in Sources */ = {isa = PBXBuildFile; fileRef = 11BB37911D38B9A00002D487 /* SevenColorMoviesTests.m */; };
		11BB379D1D38B9A00002D487 /* SevenColorMoviesUITests.m in Sources */ = {isa = PBXBuildFile; fileRef = 11BB379C1D38B9A00002D487 /* SevenColorMoviesUITests.m */; };
		11BB37C81D38E3A00002D487 /* devEnvironment.plist in Resources */ = {isa = PBXBuildFile; fileRef = 11BB37C71D38E3A00002D487 /* devEnvironment.plist */; };
		11BB37CA1D38E3C20002D487 /* switchNetworkEnvironment.plist in Resources */ = {isa = PBXBuildFile; fileRef = 11BB37C91D38E3C20002D487 /* switchNetworkEnvironment.plist */; };
		11BB37D01D38E5C00002D487 /* Discovery.storyboard in Resources */ = {isa = PBXBuildFile; fileRef = 11BB37CF1D38E5C00002D487 /* Discovery.storyboard */; };
		11BB37D21D38E5C90002D487 /* News.storyboard in Resources */ = {isa = PBXBuildFile; fileRef = 11BB37D11D38E5C90002D487 /* News.storyboard */; };
		11BB37D41D38E5D10002D487 /* Mine.storyboard in Resources */ = {isa = PBXBuildFile; fileRef = 11BB37D31D38E5D10002D487 /* Mine.storyboard */; };
		11BB37D71D38E6650002D487 /* SCHomePageViewController.m in Sources */ = {isa = PBXBuildFile; fileRef = 11BB37D61D38E6650002D487 /* SCHomePageViewController.m */; };
		11BB37E01D38F0E00002D487 /* SCNetUrlManger.m in Sources */ = {isa = PBXBuildFile; fileRef = 11BB37DF1D38F0E00002D487 /* SCNetUrlManger.m */; };
		11BE83151D3CB56B00886CF6 /* SCSycleBanner.m in Sources */ = {isa = PBXBuildFile; fileRef = 11BE83141D3CB56B00886CF6 /* SCSycleBanner.m */; };
		11BE83181D3CBA1B00886CF6 /* BaseNavigationController.m in Sources */ = {isa = PBXBuildFile; fileRef = 11BE83171D3CBA1B00886CF6 /* BaseNavigationController.m */; };
		11BE831B1D3CBADF00886CF6 /* NavigationInteractiveTransition.m in Sources */ = {isa = PBXBuildFile; fileRef = 11BE831A1D3CBADF00886CF6 /* NavigationInteractiveTransition.m */; };
		11BE831E1D3CBB3E00886CF6 /* NavigationPopAnimation.m in Sources */ = {isa = PBXBuildFile; fileRef = 11BE831D1D3CBB3E00886CF6 /* NavigationPopAnimation.m */; };
		11DC2BC11D3DCDEA00012480 /* SCDemandChannelCell.m in Sources */ = {isa = PBXBuildFile; fileRef = 11DC2BC01D3DCDEA00012480 /* SCDemandChannelCell.m */; };
		11DC2BC41D3DCE6700012480 /* SCDemandChannelItemCell.m in Sources */ = {isa = PBXBuildFile; fileRef = 11DC2BC31D3DCE6700012480 /* SCDemandChannelItemCell.m */; };
		11DC2BC61D3DD48400012480 /* SCDemandChannelItemCell.xib in Resources */ = {isa = PBXBuildFile; fileRef = 11DC2BC51D3DD48400012480 /* SCDemandChannelItemCell.xib */; };
		11DC2BC81D3DD4A200012480 /* SCDemandChannelItemBigCell.xib in Resources */ = {isa = PBXBuildFile; fileRef = 11DC2BC71D3DD4A200012480 /* SCDemandChannelItemBigCell.xib */; };
		11DC2BCC1D3DD88600012480 /* IMB_DownImageView.m in Sources */ = {isa = PBXBuildFile; fileRef = 11DC2BCB1D3DD88600012480 /* IMB_DownImageView.m */; };
		11DC2BCF1D3DD8FE00012480 /* IMB_DownImageHelper.m in Sources */ = {isa = PBXBuildFile; fileRef = 11DC2BCE1D3DD8FE00012480 /* IMB_DownImageHelper.m */; };
		11DC2BD81D3DFC6800012480 /* UIImageView+Addition.m in Sources */ = {isa = PBXBuildFile; fileRef = 11DC2BD71D3DFC6800012480 /* UIImageView+Addition.m */; };
		11DC2BE41D3E1E0B00012480 /* SCWatchRecordCell.m in Sources */ = {isa = PBXBuildFile; fileRef = 11DC2BE21D3E1E0B00012480 /* SCWatchRecordCell.m */; };
		11DC2BE51D3E1E0B00012480 /* SCWatchRecordCell.xib in Resources */ = {isa = PBXBuildFile; fileRef = 11DC2BE31D3E1E0B00012480 /* SCWatchRecordCell.xib */; };
		11FACB491D3F16E100AAC216 /* SCBaseViewController.m in Sources */ = {isa = PBXBuildFile; fileRef = 11FACB481D3F16E100AAC216 /* SCBaseViewController.m */; };
		11FACB4C1D3F19A000AAC216 /* SCSearchBarView.m in Sources */ = {isa = PBXBuildFile; fileRef = 11FACB4B1D3F19A000AAC216 /* SCSearchBarView.m */; };
		E295801C8EBB6E7149DD009D /* libPods-SevenColorMovies.a in Frameworks */ = {isa = PBXBuildFile; fileRef = BC708BBEF15757C0083C8CE3 /* libPods-SevenColorMovies.a */; };
/* End PBXBuildFile section */

/* Begin PBXContainerItemProxy section */
		11BB378E1D38B9A00002D487 /* PBXContainerItemProxy */ = {
			isa = PBXContainerItemProxy;
			containerPortal = 11BB376C1D38B9A00002D487 /* Project object */;
			proxyType = 1;
			remoteGlobalIDString = 11BB37731D38B9A00002D487;
			remoteInfo = SevenColorMovies;
		};
		11BB37991D38B9A00002D487 /* PBXContainerItemProxy */ = {
			isa = PBXContainerItemProxy;
			containerPortal = 11BB376C1D38B9A00002D487 /* Project object */;
			proxyType = 1;
			remoteGlobalIDString = 11BB37731D38B9A00002D487;
			remoteInfo = SevenColorMovies;
		};
/* End PBXContainerItemProxy section */

/* Begin PBXFileReference section */
		113F8D851D3C6FC800B12D39 /* SCDiscoveryViewController.h */ = {isa = PBXFileReference; fileEncoding = 4; lastKnownFileType = sourcecode.c.h; path = SCDiscoveryViewController.h; sourceTree = "<group>"; };
		113F8D861D3C6FC800B12D39 /* SCDiscoveryViewController.m */ = {isa = PBXFileReference; fileEncoding = 4; lastKnownFileType = sourcecode.c.objc; path = SCDiscoveryViewController.m; sourceTree = "<group>"; };
		113F8D881D3C6FE800B12D39 /* SCNewsViewController.h */ = {isa = PBXFileReference; fileEncoding = 4; lastKnownFileType = sourcecode.c.h; path = SCNewsViewController.h; sourceTree = "<group>"; };
		113F8D891D3C6FE800B12D39 /* SCNewsViewController.m */ = {isa = PBXFileReference; fileEncoding = 4; lastKnownFileType = sourcecode.c.objc; path = SCNewsViewController.m; sourceTree = "<group>"; };
		113F8D8B1D3C6FFB00B12D39 /* SCMineViewController.h */ = {isa = PBXFileReference; fileEncoding = 4; lastKnownFileType = sourcecode.c.h; path = SCMineViewController.h; sourceTree = "<group>"; };
		113F8D8C1D3C6FFB00B12D39 /* SCMineViewController.m */ = {isa = PBXFileReference; fileEncoding = 4; lastKnownFileType = sourcecode.c.objc; path = SCMineViewController.m; sourceTree = "<group>"; };
		113F8D971D3C724100B12D39 /* SCMainTabBarViewController.h */ = {isa = PBXFileReference; fileEncoding = 4; lastKnownFileType = sourcecode.c.h; path = SCMainTabBarViewController.h; sourceTree = "<group>"; };
		113F8D981D3C724100B12D39 /* SCMainTabBarViewController.m */ = {isa = PBXFileReference; fileEncoding = 4; lastKnownFileType = sourcecode.c.objc; path = SCMainTabBarViewController.m; sourceTree = "<group>"; };
		113F8D9A1D3C77E000B12D39 /* HomePage.storyboard */ = {isa = PBXFileReference; fileEncoding = 4; lastKnownFileType = file.storyboard; path = HomePage.storyboard; sourceTree = "<group>"; };
		113F8D9C1D3C86EF00B12D39 /* UIImage+Addition.h */ = {isa = PBXFileReference; fileEncoding = 4; lastKnownFileType = sourcecode.c.h; path = "UIImage+Addition.h"; sourceTree = "<group>"; };
		113F8D9D1D3C86EF00B12D39 /* UIImage+Addition.m */ = {isa = PBXFileReference; fileEncoding = 4; lastKnownFileType = sourcecode.c.objc; path = "UIImage+Addition.m"; sourceTree = "<group>"; };
		113F8D9F1D3CAAC200B12D39 /* UIColor+Addition.h */ = {isa = PBXFileReference; fileEncoding = 4; lastKnownFileType = sourcecode.c.h; path = "UIColor+Addition.h"; sourceTree = "<group>"; };
		113F8DA01D3CAAC200B12D39 /* UIColor+Addition.m */ = {isa = PBXFileReference; fileEncoding = 4; lastKnownFileType = sourcecode.c.objc; path = "UIColor+Addition.m"; sourceTree = "<group>"; };
		11A1D0661D3F433900E2BA0D /* UIView+Addition.h */ = {isa = PBXFileReference; fileEncoding = 4; lastKnownFileType = sourcecode.c.h; path = "UIView+Addition.h"; sourceTree = "<group>"; };
		11A1D0671D3F433900E2BA0D /* UIView+Addition.m */ = {isa = PBXFileReference; fileEncoding = 4; lastKnownFileType = sourcecode.c.objc; path = "UIView+Addition.m"; sourceTree = "<group>"; };
		11A1D06A1D3F508E00E2BA0D /* SCRankViewController.h */ = {isa = PBXFileReference; fileEncoding = 4; lastKnownFileType = sourcecode.c.h; path = SCRankViewController.h; sourceTree = "<group>"; };
		11A1D06B1D3F508E00E2BA0D /* SCRankViewController.m */ = {isa = PBXFileReference; fileEncoding = 4; lastKnownFileType = sourcecode.c.objc; path = SCRankViewController.m; sourceTree = "<group>"; };
		11BB37741D38B9A00002D487 /* SevenColorMovies.app */ = {isa = PBXFileReference; explicitFileType = wrapper.application; includeInIndex = 0; path = SevenColorMovies.app; sourceTree = BUILT_PRODUCTS_DIR; };
		11BB37781D38B9A00002D487 /* main.m */ = {isa = PBXFileReference; lastKnownFileType = sourcecode.c.objc; path = main.m; sourceTree = "<group>"; };
		11BB377A1D38B9A00002D487 /* AppDelegate.h */ = {isa = PBXFileReference; lastKnownFileType = sourcecode.c.h; path = AppDelegate.h; sourceTree = "<group>"; };
		11BB377B1D38B9A00002D487 /* AppDelegate.m */ = {isa = PBXFileReference; lastKnownFileType = sourcecode.c.objc; path = AppDelegate.m; sourceTree = "<group>"; };
		11BB37811D38B9A00002D487 /* Base */ = {isa = PBXFileReference; lastKnownFileType = file.storyboard; name = Base; path = Base.lproj/Main.storyboard; sourceTree = "<group>"; };
		11BB37831D38B9A00002D487 /* Assets.xcassets */ = {isa = PBXFileReference; lastKnownFileType = folder.assetcatalog; path = Assets.xcassets; sourceTree = "<group>"; };
		11BB37881D38B9A00002D487 /* Info.plist */ = {isa = PBXFileReference; lastKnownFileType = text.plist.xml; path = Info.plist; sourceTree = "<group>"; };
		11BB378D1D38B9A00002D487 /* SevenColorMoviesTests.xctest */ = {isa = PBXFileReference; explicitFileType = wrapper.cfbundle; includeInIndex = 0; path = SevenColorMoviesTests.xctest; sourceTree = BUILT_PRODUCTS_DIR; };
		11BB37911D38B9A00002D487 /* SevenColorMoviesTests.m */ = {isa = PBXFileReference; lastKnownFileType = sourcecode.c.objc; path = SevenColorMoviesTests.m; sourceTree = "<group>"; };
		11BB37931D38B9A00002D487 /* Info.plist */ = {isa = PBXFileReference; lastKnownFileType = text.plist.xml; path = Info.plist; sourceTree = "<group>"; };
		11BB37981D38B9A00002D487 /* SevenColorMoviesUITests.xctest */ = {isa = PBXFileReference; explicitFileType = wrapper.cfbundle; includeInIndex = 0; path = SevenColorMoviesUITests.xctest; sourceTree = BUILT_PRODUCTS_DIR; };
		11BB379C1D38B9A00002D487 /* SevenColorMoviesUITests.m */ = {isa = PBXFileReference; lastKnownFileType = sourcecode.c.objc; path = SevenColorMoviesUITests.m; sourceTree = "<group>"; };
		11BB379E1D38B9A00002D487 /* Info.plist */ = {isa = PBXFileReference; lastKnownFileType = text.plist.xml; path = Info.plist; sourceTree = "<group>"; };
		11BB37C51D38DF040002D487 /* PrefixHeader.pch */ = {isa = PBXFileReference; lastKnownFileType = sourcecode.c.h; path = PrefixHeader.pch; sourceTree = "<group>"; };
		11BB37C61D38E2120002D487 /* Configured.h */ = {isa = PBXFileReference; lastKnownFileType = sourcecode.c.h; path = Configured.h; sourceTree = "<group>"; };
		11BB37C71D38E3A00002D487 /* devEnvironment.plist */ = {isa = PBXFileReference; fileEncoding = 4; lastKnownFileType = text.plist.xml; path = devEnvironment.plist; sourceTree = "<group>"; };
		11BB37C91D38E3C20002D487 /* switchNetworkEnvironment.plist */ = {isa = PBXFileReference; fileEncoding = 4; lastKnownFileType = text.plist.xml; path = switchNetworkEnvironment.plist; sourceTree = "<group>"; };
		11BB37CF1D38E5C00002D487 /* Discovery.storyboard */ = {isa = PBXFileReference; fileEncoding = 4; lastKnownFileType = file.storyboard; path = Discovery.storyboard; sourceTree = "<group>"; };
		11BB37D11D38E5C90002D487 /* News.storyboard */ = {isa = PBXFileReference; fileEncoding = 4; lastKnownFileType = file.storyboard; path = News.storyboard; sourceTree = "<group>"; };
		11BB37D31D38E5D10002D487 /* Mine.storyboard */ = {isa = PBXFileReference; fileEncoding = 4; lastKnownFileType = file.storyboard; path = Mine.storyboard; sourceTree = "<group>"; };
		11BB37D51D38E6650002D487 /* SCHomePageViewController.h */ = {isa = PBXFileReference; fileEncoding = 4; lastKnownFileType = sourcecode.c.h; path = SCHomePageViewController.h; sourceTree = "<group>"; };
		11BB37D61D38E6650002D487 /* SCHomePageViewController.m */ = {isa = PBXFileReference; fileEncoding = 4; lastKnownFileType = sourcecode.c.objc; path = SCHomePageViewController.m; sourceTree = "<group>"; };
		11BB37DE1D38F0E00002D487 /* SCNetUrlManger.h */ = {isa = PBXFileReference; fileEncoding = 4; lastKnownFileType = sourcecode.c.h; path = SCNetUrlManger.h; sourceTree = "<group>"; };
		11BB37DF1D38F0E00002D487 /* SCNetUrlManger.m */ = {isa = PBXFileReference; fileEncoding = 4; lastKnownFileType = sourcecode.c.objc; path = SCNetUrlManger.m; sourceTree = "<group>"; };
		11BE83131D3CB56B00886CF6 /* SCSycleBanner.h */ = {isa = PBXFileReference; fileEncoding = 4; lastKnownFileType = sourcecode.c.h; path = SCSycleBanner.h; sourceTree = "<group>"; };
		11BE83141D3CB56B00886CF6 /* SCSycleBanner.m */ = {isa = PBXFileReference; fileEncoding = 4; lastKnownFileType = sourcecode.c.objc; path = SCSycleBanner.m; sourceTree = "<group>"; };
		11BE83161D3CBA1B00886CF6 /* BaseNavigationController.h */ = {isa = PBXFileReference; fileEncoding = 4; lastKnownFileType = sourcecode.c.h; path = BaseNavigationController.h; sourceTree = "<group>"; };
		11BE83171D3CBA1B00886CF6 /* BaseNavigationController.m */ = {isa = PBXFileReference; fileEncoding = 4; lastKnownFileType = sourcecode.c.objc; path = BaseNavigationController.m; sourceTree = "<group>"; };
		11BE83191D3CBADF00886CF6 /* NavigationInteractiveTransition.h */ = {isa = PBXFileReference; fileEncoding = 4; lastKnownFileType = sourcecode.c.h; path = NavigationInteractiveTransition.h; sourceTree = "<group>"; };
		11BE831A1D3CBADF00886CF6 /* NavigationInteractiveTransition.m */ = {isa = PBXFileReference; fileEncoding = 4; lastKnownFileType = sourcecode.c.objc; path = NavigationInteractiveTransition.m; sourceTree = "<group>"; };
		11BE831C1D3CBB3E00886CF6 /* NavigationPopAnimation.h */ = {isa = PBXFileReference; fileEncoding = 4; lastKnownFileType = sourcecode.c.h; path = NavigationPopAnimation.h; sourceTree = "<group>"; };
		11BE831D1D3CBB3E00886CF6 /* NavigationPopAnimation.m */ = {isa = PBXFileReference; fileEncoding = 4; lastKnownFileType = sourcecode.c.objc; path = NavigationPopAnimation.m; sourceTree = "<group>"; };
		11DC2BBF1D3DCDEA00012480 /* SCDemandChannelCell.h */ = {isa = PBXFileReference; fileEncoding = 4; lastKnownFileType = sourcecode.c.h; path = SCDemandChannelCell.h; sourceTree = "<group>"; };
		11DC2BC01D3DCDEA00012480 /* SCDemandChannelCell.m */ = {isa = PBXFileReference; fileEncoding = 4; lastKnownFileType = sourcecode.c.objc; path = SCDemandChannelCell.m; sourceTree = "<group>"; };
		11DC2BC21D3DCE6700012480 /* SCDemandChannelItemCell.h */ = {isa = PBXFileReference; fileEncoding = 4; lastKnownFileType = sourcecode.c.h; path = SCDemandChannelItemCell.h; sourceTree = "<group>"; };
		11DC2BC31D3DCE6700012480 /* SCDemandChannelItemCell.m */ = {isa = PBXFileReference; fileEncoding = 4; lastKnownFileType = sourcecode.c.objc; path = SCDemandChannelItemCell.m; sourceTree = "<group>"; };
		11DC2BC51D3DD48400012480 /* SCDemandChannelItemCell.xib */ = {isa = PBXFileReference; fileEncoding = 4; lastKnownFileType = file.xib; path = SCDemandChannelItemCell.xib; sourceTree = "<group>"; };
		11DC2BC71D3DD4A200012480 /* SCDemandChannelItemBigCell.xib */ = {isa = PBXFileReference; fileEncoding = 4; lastKnownFileType = file.xib; path = SCDemandChannelItemBigCell.xib; sourceTree = "<group>"; };
		11DC2BCA1D3DD88600012480 /* IMB_DownImageView.h */ = {isa = PBXFileReference; fileEncoding = 4; lastKnownFileType = sourcecode.c.h; path = IMB_DownImageView.h; sourceTree = "<group>"; };
		11DC2BCB1D3DD88600012480 /* IMB_DownImageView.m */ = {isa = PBXFileReference; fileEncoding = 4; lastKnownFileType = sourcecode.c.objc; path = IMB_DownImageView.m; sourceTree = "<group>"; };
		11DC2BCD1D3DD8FE00012480 /* IMB_DownImageHelper.h */ = {isa = PBXFileReference; fileEncoding = 4; lastKnownFileType = sourcecode.c.h; path = IMB_DownImageHelper.h; sourceTree = "<group>"; };
		11DC2BCE1D3DD8FE00012480 /* IMB_DownImageHelper.m */ = {isa = PBXFileReference; fileEncoding = 4; lastKnownFileType = sourcecode.c.objc; path = IMB_DownImageHelper.m; sourceTree = "<group>"; };
		11DC2BD61D3DFC6800012480 /* UIImageView+Addition.h */ = {isa = PBXFileReference; fileEncoding = 4; lastKnownFileType = sourcecode.c.h; path = "UIImageView+Addition.h"; sourceTree = "<group>"; };
		11DC2BD71D3DFC6800012480 /* UIImageView+Addition.m */ = {isa = PBXFileReference; fileEncoding = 4; lastKnownFileType = sourcecode.c.objc; path = "UIImageView+Addition.m"; sourceTree = "<group>"; };
		11DC2BE11D3E1E0B00012480 /* SCWatchRecordCell.h */ = {isa = PBXFileReference; fileEncoding = 4; lastKnownFileType = sourcecode.c.h; path = SCWatchRecordCell.h; sourceTree = "<group>"; };
		11DC2BE21D3E1E0B00012480 /* SCWatchRecordCell.m */ = {isa = PBXFileReference; fileEncoding = 4; lastKnownFileType = sourcecode.c.objc; path = SCWatchRecordCell.m; sourceTree = "<group>"; };
		11DC2BE31D3E1E0B00012480 /* SCWatchRecordCell.xib */ = {isa = PBXFileReference; fileEncoding = 4; lastKnownFileType = file.xib; path = SCWatchRecordCell.xib; sourceTree = "<group>"; };
		11FACB471D3F16E100AAC216 /* SCBaseViewController.h */ = {isa = PBXFileReference; fileEncoding = 4; lastKnownFileType = sourcecode.c.h; path = SCBaseViewController.h; sourceTree = "<group>"; };
		11FACB481D3F16E100AAC216 /* SCBaseViewController.m */ = {isa = PBXFileReference; fileEncoding = 4; lastKnownFileType = sourcecode.c.objc; path = SCBaseViewController.m; sourceTree = "<group>"; };
		11FACB4A1D3F19A000AAC216 /* SCSearchBarView.h */ = {isa = PBXFileReference; fileEncoding = 4; lastKnownFileType = sourcecode.c.h; path = SCSearchBarView.h; sourceTree = "<group>"; };
		11FACB4B1D3F19A000AAC216 /* SCSearchBarView.m */ = {isa = PBXFileReference; fileEncoding = 4; lastKnownFileType = sourcecode.c.objc; path = SCSearchBarView.m; sourceTree = "<group>"; };
		44844E586861AA1504AA2D05 /* Pods-SevenColorMovies.release.xcconfig */ = {isa = PBXFileReference; includeInIndex = 1; lastKnownFileType = text.xcconfig; name = "Pods-SevenColorMovies.release.xcconfig"; path = "Pods/Target Support Files/Pods-SevenColorMovies/Pods-SevenColorMovies.release.xcconfig"; sourceTree = "<group>"; };
		BB7417922FA2A9215D327938 /* Pods-SevenColorMovies.debug.xcconfig */ = {isa = PBXFileReference; includeInIndex = 1; lastKnownFileType = text.xcconfig; name = "Pods-SevenColorMovies.debug.xcconfig"; path = "Pods/Target Support Files/Pods-SevenColorMovies/Pods-SevenColorMovies.debug.xcconfig"; sourceTree = "<group>"; };
		BC708BBEF15757C0083C8CE3 /* libPods-SevenColorMovies.a */ = {isa = PBXFileReference; explicitFileType = archive.ar; includeInIndex = 0; path = "libPods-SevenColorMovies.a"; sourceTree = BUILT_PRODUCTS_DIR; };
/* End PBXFileReference section */

/* Begin PBXFrameworksBuildPhase section */
		11BB37711D38B9A00002D487 /* Frameworks */ = {
			isa = PBXFrameworksBuildPhase;
			buildActionMask = 2147483647;
			files = (
				E295801C8EBB6E7149DD009D /* libPods-SevenColorMovies.a in Frameworks */,
			);
			runOnlyForDeploymentPostprocessing = 0;
		};
		11BB378A1D38B9A00002D487 /* Frameworks */ = {
			isa = PBXFrameworksBuildPhase;
			buildActionMask = 2147483647;
			files = (
			);
			runOnlyForDeploymentPostprocessing = 0;
		};
		11BB37951D38B9A00002D487 /* Frameworks */ = {
			isa = PBXFrameworksBuildPhase;
			buildActionMask = 2147483647;
			files = (
			);
			runOnlyForDeploymentPostprocessing = 0;
		};
/* End PBXFrameworksBuildPhase section */

/* Begin PBXGroup section */
		113F8D8E1D3C700900B12D39 /* MainBody */ = {
			isa = PBXGroup;
			children = (
				11BB37D51D38E6650002D487 /* SCHomePageViewController.h */,
				11BB37D61D38E6650002D487 /* SCHomePageViewController.m */,
				11DC2BBE1D3DCD2900012480 /* Cell */,
			);
			name = MainBody;
			sourceTree = "<group>";
		};
		113F8D8F1D3C701B00B12D39 /* View */ = {
			isa = PBXGroup;
			children = (
				11BE83131D3CB56B00886CF6 /* SCSycleBanner.h */,
				11BE83141D3CB56B00886CF6 /* SCSycleBanner.m */,
			);
			name = View;
			sourceTree = "<group>";
		};
		113F8D901D3C702000B12D39 /* Rank */ = {
			isa = PBXGroup;
			children = (
				11A1D06A1D3F508E00E2BA0D /* SCRankViewController.h */,
				11A1D06B1D3F508E00E2BA0D /* SCRankViewController.m */,
				11A1D06D1D3F5FF800E2BA0D /* Cell */,
			);
			name = Rank;
			sourceTree = "<group>";
		};
		113F8D911D3C704E00B12D39 /* View */ = {
			isa = PBXGroup;
			children = (
			);
			name = View;
			sourceTree = "<group>";
		};
		113F8D921D3C705200B12D39 /* MainBody */ = {
			isa = PBXGroup;
			children = (
				113F8D851D3C6FC800B12D39 /* SCDiscoveryViewController.h */,
				113F8D861D3C6FC800B12D39 /* SCDiscoveryViewController.m */,
			);
			name = MainBody;
			sourceTree = "<group>";
		};
		113F8D931D3C705600B12D39 /* View */ = {
			isa = PBXGroup;
			children = (
			);
			name = View;
			sourceTree = "<group>";
		};
		113F8D941D3C705900B12D39 /* MainBody */ = {
			isa = PBXGroup;
			children = (
				113F8D881D3C6FE800B12D39 /* SCNewsViewController.h */,
				113F8D891D3C6FE800B12D39 /* SCNewsViewController.m */,
			);
			name = MainBody;
			sourceTree = "<group>";
		};
		113F8D951D3C705D00B12D39 /* View */ = {
			isa = PBXGroup;
			children = (
			);
			name = View;
			sourceTree = "<group>";
		};
		113F8D961D3C706300B12D39 /* MainBody */ = {
			isa = PBXGroup;
			children = (
				113F8D8B1D3C6FFB00B12D39 /* SCMineViewController.h */,
				113F8D8C1D3C6FFB00B12D39 /* SCMineViewController.m */,
			);
			name = MainBody;
			sourceTree = "<group>";
		};
		11A1D0691D3F4FEA00E2BA0D /* Search */ = {
			isa = PBXGroup;
			children = (
				11FACB4A1D3F19A000AAC216 /* SCSearchBarView.h */,
				11FACB4B1D3F19A000AAC216 /* SCSearchBarView.m */,
			);
			name = Search;
			sourceTree = "<group>";
		};
		11A1D06D1D3F5FF800E2BA0D /* Cell */ = {
			isa = PBXGroup;
			children = (
			);
			name = Cell;
			sourceTree = "<group>";
		};
		11BB376B1D38B9A00002D487 = {
			isa = PBXGroup;
			children = (
				11BB37761D38B9A00002D487 /* SevenColorMovies */,
				11BB37901D38B9A00002D487 /* SevenColorMoviesTests */,
				11BB379B1D38B9A00002D487 /* SevenColorMoviesUITests */,
				11BB37751D38B9A00002D487 /* Products */,
				56CA4D536ADE803AF87BD5DE /* Pods */,
				EA43CF5B333599320E8DB727 /* Frameworks */,
			);
			sourceTree = "<group>";
		};
		11BB37751D38B9A00002D487 /* Products */ = {
			isa = PBXGroup;
			children = (
				11BB37741D38B9A00002D487 /* SevenColorMovies.app */,
				11BB378D1D38B9A00002D487 /* SevenColorMoviesTests.xctest */,
				11BB37981D38B9A00002D487 /* SevenColorMoviesUITests.xctest */,
			);
			name = Products;
			sourceTree = "<group>";
		};
		11BB37761D38B9A00002D487 /* SevenColorMovies */ = {
			isa = PBXGroup;
			children = (
				11BB377A1D38B9A00002D487 /* AppDelegate.h */,
				11BB377B1D38B9A00002D487 /* AppDelegate.m */,
				11BB37C41D38DC450002D487 /* Plist */,
				11BB37C31D38DC320002D487 /* Storyboard */,
				11BB37C11D38DB290002D487 /* Classes */,
				11BB37BC1D38DB0E0002D487 /* Vendor */,
				11BB37771D38B9A00002D487 /* Supporting Files */,
			);
			path = SevenColorMovies;
			sourceTree = "<group>";
		};
		11BB37771D38B9A00002D487 /* Supporting Files */ = {
			isa = PBXGroup;
			children = (
				11BB37781D38B9A00002D487 /* main.m */,
				11BB37C51D38DF040002D487 /* PrefixHeader.pch */,
				11BB37831D38B9A00002D487 /* Assets.xcassets */,
				11BB37881D38B9A00002D487 /* Info.plist */,
			);
			name = "Supporting Files";
			sourceTree = "<group>";
		};
		11BB37901D38B9A00002D487 /* SevenColorMoviesTests */ = {
			isa = PBXGroup;
			children = (
				11BB37911D38B9A00002D487 /* SevenColorMoviesTests.m */,
				11BB37931D38B9A00002D487 /* Info.plist */,
			);
			path = SevenColorMoviesTests;
			sourceTree = "<group>";
		};
		11BB379B1D38B9A00002D487 /* SevenColorMoviesUITests */ = {
			isa = PBXGroup;
			children = (
				11BB379C1D38B9A00002D487 /* SevenColorMoviesUITests.m */,
				11BB379E1D38B9A00002D487 /* Info.plist */,
			);
			path = SevenColorMoviesUITests;
			sourceTree = "<group>";
		};
		11BB37BC1D38DB0E0002D487 /* Vendor */ = {
			isa = PBXGroup;
			children = (
			);
			name = Vendor;
			sourceTree = "<group>";
		};
		11BB37BD1D38DB160002D487 /* Discovery */ = {
			isa = PBXGroup;
			children = (
				113F8D921D3C705200B12D39 /* MainBody */,
				113F8D911D3C704E00B12D39 /* View */,
			);
			name = Discovery;
			sourceTree = "<group>";
		};
		11BB37BE1D38DB1F0002D487 /* HomePage */ = {
			isa = PBXGroup;
			children = (
				113F8D8E1D3C700900B12D39 /* MainBody */,
				113F8D8F1D3C701B00B12D39 /* View */,
				11A1D0691D3F4FEA00E2BA0D /* Search */,
				113F8D901D3C702000B12D39 /* Rank */,
			);
			name = HomePage;
			sourceTree = "<group>";
		};
		11BB37BF1D38DB220002D487 /* Tabbar */ = {
			isa = PBXGroup;
			children = (
				113F8D971D3C724100B12D39 /* SCMainTabBarViewController.h */,
				113F8D981D3C724100B12D39 /* SCMainTabBarViewController.m */,
			);
			name = Tabbar;
			sourceTree = "<group>";
		};
		11BB37C01D38DB250002D487 /* Utility */ = {
			isa = PBXGroup;
			children = (
				113F8D9C1D3C86EF00B12D39 /* UIImage+Addition.h */,
				113F8D9D1D3C86EF00B12D39 /* UIImage+Addition.m */,
				113F8D9F1D3CAAC200B12D39 /* UIColor+Addition.h */,
				113F8DA01D3CAAC200B12D39 /* UIColor+Addition.m */,
				11DC2BD61D3DFC6800012480 /* UIImageView+Addition.h */,
				11DC2BD71D3DFC6800012480 /* UIImageView+Addition.m */,
				11A1D0661D3F433900E2BA0D /* UIView+Addition.h */,
				11A1D0671D3F433900E2BA0D /* UIView+Addition.m */,
			);
			name = Utility;
			sourceTree = "<group>";
		};
		11BB37C11D38DB290002D487 /* Classes */ = {
			isa = PBXGroup;
			children = (
				11BB37C21D38DB2D0002D487 /* Assistant */,
				11BB37D91D38F04E0002D487 /* Base */,
				11BB37BF1D38DB220002D487 /* Tabbar */,
				11BB37BE1D38DB1F0002D487 /* HomePage */,
				11BB37BD1D38DB160002D487 /* Discovery */,
				11BB37CC1D38E5480002D487 /* News */,
				11BB37CB1D38E5440002D487 /* Mine */,
				11BB37DA1D38F0510002D487 /* NetRequestTool */,
				11BB37DC1D38F0580002D487 /* New Group4 */,
				11BB37DB1D38F0540002D487 /* New Group3 */,
				11BB37C01D38DB250002D487 /* Utility */,
				11BB37D81D38F0490002D487 /* Helper */,
			);
			name = Classes;
			sourceTree = "<group>";
		};
		11BB37C21D38DB2D0002D487 /* Assistant */ = {
			isa = PBXGroup;
			children = (
				11BB37C61D38E2120002D487 /* Configured.h */,
			);
			name = Assistant;
			sourceTree = "<group>";
		};
		11BB37C31D38DC320002D487 /* Storyboard */ = {
			isa = PBXGroup;
			children = (
				11BB37801D38B9A00002D487 /* Main.storyboard */,
				113F8D9A1D3C77E000B12D39 /* HomePage.storyboard */,
				11BB37CF1D38E5C00002D487 /* Discovery.storyboard */,
				11BB37D11D38E5C90002D487 /* News.storyboard */,
				11BB37D31D38E5D10002D487 /* Mine.storyboard */,
			);
			name = Storyboard;
			sourceTree = "<group>";
		};
		11BB37C41D38DC450002D487 /* Plist */ = {
			isa = PBXGroup;
			children = (
				11BB37C71D38E3A00002D487 /* devEnvironment.plist */,
				11BB37C91D38E3C20002D487 /* switchNetworkEnvironment.plist */,
			);
			name = Plist;
			sourceTree = "<group>";
		};
		11BB37CB1D38E5440002D487 /* Mine */ = {
			isa = PBXGroup;
			children = (
				113F8D961D3C706300B12D39 /* MainBody */,
				113F8D951D3C705D00B12D39 /* View */,
			);
			name = Mine;
			sourceTree = "<group>";
		};
		11BB37CC1D38E5480002D487 /* News */ = {
			isa = PBXGroup;
			children = (
				113F8D941D3C705900B12D39 /* MainBody */,
				113F8D931D3C705600B12D39 /* View */,
			);
			name = News;
			sourceTree = "<group>";
		};
		11BB37D81D38F0490002D487 /* Helper */ = {
			isa = PBXGroup;
			children = (
				11DC2BC91D3DD76700012480 /* DownImageManger */,
				11BB37DD1D38F0890002D487 /* SCNetUrlManger */,
			);
			name = Helper;
			sourceTree = "<group>";
		};
		11BB37D91D38F04E0002D487 /* Base */ = {
			isa = PBXGroup;
			children = (
				11FACB471D3F16E100AAC216 /* SCBaseViewController.h */,
				11FACB481D3F16E100AAC216 /* SCBaseViewController.m */,
				11BE83161D3CBA1B00886CF6 /* BaseNavigationController.h */,
				11BE83171D3CBA1B00886CF6 /* BaseNavigationController.m */,
				11BE831F1D3CBC2300886CF6 /* Transition */,
				11BE83201D3CBC3D00886CF6 /* Animator */,
			);
			name = Base;
			sourceTree = "<group>";
		};
		11BB37DA1D38F0510002D487 /* NetRequestTool */ = {
			isa = PBXGroup;
			children = (
				11BE83211D3CD33C00886CF6 /* Home */,
				11BE83221D3CD34700886CF6 /* Discovery */,
				11BE83231D3CD35200886CF6 /* News */,
				11BE83241D3CD35900886CF6 /* Mine */,
			);
			name = NetRequestTool;
			sourceTree = "<group>";
		};
		11BB37DB1D38F0540002D487 /* New Group3 */ = {
			isa = PBXGroup;
			children = (
			);
			name = "New Group3";
			sourceTree = "<group>";
		};
		11BB37DC1D38F0580002D487 /* New Group4 */ = {
			isa = PBXGroup;
			children = (
			);
			name = "New Group4";
			sourceTree = "<group>";
		};
		11BB37DD1D38F0890002D487 /* SCNetUrlManger */ = {
			isa = PBXGroup;
			children = (
				11BB37DE1D38F0E00002D487 /* SCNetUrlManger.h */,
				11BB37DF1D38F0E00002D487 /* SCNetUrlManger.m */,
			);
			name = SCNetUrlManger;
			sourceTree = "<group>";
		};
		11BE831F1D3CBC2300886CF6 /* Transition */ = {
			isa = PBXGroup;
			children = (
				11BE83191D3CBADF00886CF6 /* NavigationInteractiveTransition.h */,
				11BE831A1D3CBADF00886CF6 /* NavigationInteractiveTransition.m */,
			);
			name = Transition;
			sourceTree = "<group>";
		};
		11BE83201D3CBC3D00886CF6 /* Animator */ = {
			isa = PBXGroup;
			children = (
				11BE831C1D3CBB3E00886CF6 /* NavigationPopAnimation.h */,
				11BE831D1D3CBB3E00886CF6 /* NavigationPopAnimation.m */,
			);
			name = Animator;
			sourceTree = "<group>";
		};
		11BE83211D3CD33C00886CF6 /* Home */ = {
			isa = PBXGroup;
			children = (
			);
			name = Home;
			sourceTree = "<group>";
		};
		11BE83221D3CD34700886CF6 /* Discovery */ = {
			isa = PBXGroup;
			children = (
			);
			name = Discovery;
			sourceTree = "<group>";
		};
		11BE83231D3CD35200886CF6 /* News */ = {
			isa = PBXGroup;
			children = (
			);
			name = News;
			sourceTree = "<group>";
		};
		11BE83241D3CD35900886CF6 /* Mine */ = {
			isa = PBXGroup;
			children = (
			);
			name = Mine;
			sourceTree = "<group>";
		};
		11DC2BBE1D3DCD2900012480 /* Cell */ = {
			isa = PBXGroup;
			children = (
				11DC2BBF1D3DCDEA00012480 /* SCDemandChannelCell.h */,
				11DC2BC01D3DCDEA00012480 /* SCDemandChannelCell.m */,
				11DC2BC21D3DCE6700012480 /* SCDemandChannelItemCell.h */,
				11DC2BC31D3DCE6700012480 /* SCDemandChannelItemCell.m */,
				11DC2BC51D3DD48400012480 /* SCDemandChannelItemCell.xib */,
				11DC2BC71D3DD4A200012480 /* SCDemandChannelItemBigCell.xib */,
				11DC2BE11D3E1E0B00012480 /* SCWatchRecordCell.h */,
				11DC2BE21D3E1E0B00012480 /* SCWatchRecordCell.m */,
				11DC2BE31D3E1E0B00012480 /* SCWatchRecordCell.xib */,
			);
			name = Cell;
			sourceTree = "<group>";
		};
		11DC2BC91D3DD76700012480 /* DownImageManger */ = {
			isa = PBXGroup;
			children = (
				11DC2BCA1D3DD88600012480 /* IMB_DownImageView.h */,
				11DC2BCB1D3DD88600012480 /* IMB_DownImageView.m */,
				11DC2BCD1D3DD8FE00012480 /* IMB_DownImageHelper.h */,
				11DC2BCE1D3DD8FE00012480 /* IMB_DownImageHelper.m */,
			);
			name = DownImageManger;
			sourceTree = "<group>";
		};
		56CA4D536ADE803AF87BD5DE /* Pods */ = {
			isa = PBXGroup;
			children = (
				BB7417922FA2A9215D327938 /* Pods-SevenColorMovies.debug.xcconfig */,
				44844E586861AA1504AA2D05 /* Pods-SevenColorMovies.release.xcconfig */,
			);
			name = Pods;
			sourceTree = "<group>";
		};
		EA43CF5B333599320E8DB727 /* Frameworks */ = {
			isa = PBXGroup;
			children = (
				BC708BBEF15757C0083C8CE3 /* libPods-SevenColorMovies.a */,
			);
			name = Frameworks;
			sourceTree = "<group>";
		};
/* End PBXGroup section */

/* Begin PBXNativeTarget section */
		11BB37731D38B9A00002D487 /* SevenColorMovies */ = {
			isa = PBXNativeTarget;
			buildConfigurationList = 11BB37A11D38B9A00002D487 /* Build configuration list for PBXNativeTarget "SevenColorMovies" */;
			buildPhases = (
				7F9C35CE23A7A99887354ED1 /* Check Pods Manifest.lock */,
				11BB37701D38B9A00002D487 /* Sources */,
				11BB37711D38B9A00002D487 /* Frameworks */,
				11BB37721D38B9A00002D487 /* Resources */,
				76A379AB0C02107AB0C9423C /* Embed Pods Frameworks */,
				C8A738FC5EA155D379B4AEA1 /* Copy Pods Resources */,
			);
			buildRules = (
			);
			dependencies = (
			);
			name = SevenColorMovies;
			productName = SevenColorMovies;
			productReference = 11BB37741D38B9A00002D487 /* SevenColorMovies.app */;
			productType = "com.apple.product-type.application";
		};
		11BB378C1D38B9A00002D487 /* SevenColorMoviesTests */ = {
			isa = PBXNativeTarget;
			buildConfigurationList = 11BB37A41D38B9A00002D487 /* Build configuration list for PBXNativeTarget "SevenColorMoviesTests" */;
			buildPhases = (
				11BB37891D38B9A00002D487 /* Sources */,
				11BB378A1D38B9A00002D487 /* Frameworks */,
				11BB378B1D38B9A00002D487 /* Resources */,
			);
			buildRules = (
			);
			dependencies = (
				11BB378F1D38B9A00002D487 /* PBXTargetDependency */,
			);
			name = SevenColorMoviesTests;
			productName = SevenColorMoviesTests;
			productReference = 11BB378D1D38B9A00002D487 /* SevenColorMoviesTests.xctest */;
			productType = "com.apple.product-type.bundle.unit-test";
		};
		11BB37971D38B9A00002D487 /* SevenColorMoviesUITests */ = {
			isa = PBXNativeTarget;
			buildConfigurationList = 11BB37A71D38B9A00002D487 /* Build configuration list for PBXNativeTarget "SevenColorMoviesUITests" */;
			buildPhases = (
				11BB37941D38B9A00002D487 /* Sources */,
				11BB37951D38B9A00002D487 /* Frameworks */,
				11BB37961D38B9A00002D487 /* Resources */,
			);
			buildRules = (
			);
			dependencies = (
				11BB379A1D38B9A00002D487 /* PBXTargetDependency */,
			);
			name = SevenColorMoviesUITests;
			productName = SevenColorMoviesUITests;
			productReference = 11BB37981D38B9A00002D487 /* SevenColorMoviesUITests.xctest */;
			productType = "com.apple.product-type.bundle.ui-testing";
		};
/* End PBXNativeTarget section */

/* Begin PBXProject section */
		11BB376C1D38B9A00002D487 /* Project object */ = {
			isa = PBXProject;
			attributes = {
				LastUpgradeCheck = 0730;
				ORGANIZATIONNAME = yesdgq;
				TargetAttributes = {
					11BB37731D38B9A00002D487 = {
						CreatedOnToolsVersion = 7.3;
						DevelopmentTeam = J5EPCRFAR9;
					};
					11BB378C1D38B9A00002D487 = {
						CreatedOnToolsVersion = 7.3;
						TestTargetID = 11BB37731D38B9A00002D487;
					};
					11BB37971D38B9A00002D487 = {
						CreatedOnToolsVersion = 7.3;
						TestTargetID = 11BB37731D38B9A00002D487;
					};
				};
			};
			buildConfigurationList = 11BB376F1D38B9A00002D487 /* Build configuration list for PBXProject "SevenColorMovies" */;
			compatibilityVersion = "Xcode 3.2";
			developmentRegion = English;
			hasScannedForEncodings = 0;
			knownRegions = (
				en,
				Base,
			);
			mainGroup = 11BB376B1D38B9A00002D487;
			productRefGroup = 11BB37751D38B9A00002D487 /* Products */;
			projectDirPath = "";
			projectRoot = "";
			targets = (
				11BB37731D38B9A00002D487 /* SevenColorMovies */,
				11BB378C1D38B9A00002D487 /* SevenColorMoviesTests */,
				11BB37971D38B9A00002D487 /* SevenColorMoviesUITests */,
			);
		};
/* End PBXProject section */

/* Begin PBXResourcesBuildPhase section */
		11BB37721D38B9A00002D487 /* Resources */ = {
			isa = PBXResourcesBuildPhase;
			buildActionMask = 2147483647;
			files = (
				11DC2BE51D3E1E0B00012480 /* SCWatchRecordCell.xib in Resources */,
				11DC2BC81D3DD4A200012480 /* SCDemandChannelItemBigCell.xib in Resources */,
				113F8D9B1D3C77E000B12D39 /* HomePage.storyboard in Resources */,
				11DC2BC61D3DD48400012480 /* SCDemandChannelItemCell.xib in Resources */,
				11BB37D01D38E5C00002D487 /* Discovery.storyboard in Resources */,
				11BB37841D38B9A00002D487 /* Assets.xcassets in Resources */,
				11BB37D41D38E5D10002D487 /* Mine.storyboard in Resources */,
				11BB37D21D38E5C90002D487 /* News.storyboard in Resources */,
				11BB37C81D38E3A00002D487 /* devEnvironment.plist in Resources */,
				11BB37CA1D38E3C20002D487 /* switchNetworkEnvironment.plist in Resources */,
				11BB37821D38B9A00002D487 /* Main.storyboard in Resources */,
			);
			runOnlyForDeploymentPostprocessing = 0;
		};
		11BB378B1D38B9A00002D487 /* Resources */ = {
			isa = PBXResourcesBuildPhase;
			buildActionMask = 2147483647;
			files = (
			);
			runOnlyForDeploymentPostprocessing = 0;
		};
		11BB37961D38B9A00002D487 /* Resources */ = {
			isa = PBXResourcesBuildPhase;
			buildActionMask = 2147483647;
			files = (
			);
			runOnlyForDeploymentPostprocessing = 0;
		};
/* End PBXResourcesBuildPhase section */

/* Begin PBXShellScriptBuildPhase section */
		76A379AB0C02107AB0C9423C /* Embed Pods Frameworks */ = {
			isa = PBXShellScriptBuildPhase;
			buildActionMask = 2147483647;
			files = (
			);
			inputPaths = (
			);
			name = "Embed Pods Frameworks";
			outputPaths = (
			);
			runOnlyForDeploymentPostprocessing = 0;
			shellPath = /bin/sh;
			shellScript = "\"${SRCROOT}/Pods/Target Support Files/Pods-SevenColorMovies/Pods-SevenColorMovies-frameworks.sh\"\n";
			showEnvVarsInLog = 0;
		};
		7F9C35CE23A7A99887354ED1 /* Check Pods Manifest.lock */ = {
			isa = PBXShellScriptBuildPhase;
			buildActionMask = 2147483647;
			files = (
			);
			inputPaths = (
			);
			name = "Check Pods Manifest.lock";
			outputPaths = (
			);
			runOnlyForDeploymentPostprocessing = 0;
			shellPath = /bin/sh;
			shellScript = "diff \"${PODS_ROOT}/../Podfile.lock\" \"${PODS_ROOT}/Manifest.lock\" > /dev/null\nif [[ $? != 0 ]] ; then\n    cat << EOM\nerror: The sandbox is not in sync with the Podfile.lock. Run 'pod install' or update your CocoaPods installation.\nEOM\n    exit 1\nfi\n";
			showEnvVarsInLog = 0;
		};
		C8A738FC5EA155D379B4AEA1 /* Copy Pods Resources */ = {
			isa = PBXShellScriptBuildPhase;
			buildActionMask = 2147483647;
			files = (
			);
			inputPaths = (
			);
			name = "Copy Pods Resources";
			outputPaths = (
			);
			runOnlyForDeploymentPostprocessing = 0;
			shellPath = /bin/sh;
			shellScript = "\"${SRCROOT}/Pods/Target Support Files/Pods-SevenColorMovies/Pods-SevenColorMovies-resources.sh\"\n";
			showEnvVarsInLog = 0;
		};
/* End PBXShellScriptBuildPhase section */

/* Begin PBXSourcesBuildPhase section */
		11BB37701D38B9A00002D487 /* Sources */ = {
			isa = PBXSourcesBuildPhase;
			buildActionMask = 2147483647;
			files = (
				11FACB4C1D3F19A000AAC216 /* SCSearchBarView.m in Sources */,
				11BB37D71D38E6650002D487 /* SCHomePageViewController.m in Sources */,
				113F8D991D3C724100B12D39 /* SCMainTabBarViewController.m in Sources */,
				11BB377C1D38B9A00002D487 /* AppDelegate.m in Sources */,
				113F8D8A1D3C6FE800B12D39 /* SCNewsViewController.m in Sources */,
				11DC2BC41D3DCE6700012480 /* SCDemandChannelItemCell.m in Sources */,
				113F8D871D3C6FC800B12D39 /* SCDiscoveryViewController.m in Sources */,
				11BB37791D38B9A00002D487 /* main.m in Sources */,
				11BE831E1D3CBB3E00886CF6 /* NavigationPopAnimation.m in Sources */,
				11DC2BC11D3DCDEA00012480 /* SCDemandChannelCell.m in Sources */,
				11A1D06C1D3F508E00E2BA0D /* SCRankViewController.m in Sources */,
				11BB37E01D38F0E00002D487 /* SCNetUrlManger.m in Sources */,
				11DC2BCF1D3DD8FE00012480 /* IMB_DownImageHelper.m in Sources */,
				11DC2BD81D3DFC6800012480 /* UIImageView+Addition.m in Sources */,
				11DC2BCC1D3DD88600012480 /* IMB_DownImageView.m in Sources */,
				11A1D0681D3F433900E2BA0D /* UIView+Addition.m in Sources */,
				11BE83151D3CB56B00886CF6 /* SCSycleBanner.m in Sources */,
				11BE83181D3CBA1B00886CF6 /* BaseNavigationController.m in Sources */,
				113F8D8D1D3C6FFB00B12D39 /* SCMineViewController.m in Sources */,
				113F8D9E1D3C86EF00B12D39 /* UIImage+Addition.m in Sources */,
				113F8DA11D3CAAC200B12D39 /* UIColor+Addition.m in Sources */,
				11DC2BE41D3E1E0B00012480 /* SCWatchRecordCell.m in Sources */,
				11FACB491D3F16E100AAC216 /* SCBaseViewController.m in Sources */,
				11BE831B1D3CBADF00886CF6 /* NavigationInteractiveTransition.m in Sources */,
			);
			runOnlyForDeploymentPostprocessing = 0;
		};
		11BB37891D38B9A00002D487 /* Sources */ = {
			isa = PBXSourcesBuildPhase;
			buildActionMask = 2147483647;
			files = (
				11BB37921D38B9A00002D487 /* SevenColorMoviesTests.m in Sources */,
			);
			runOnlyForDeploymentPostprocessing = 0;
		};
		11BB37941D38B9A00002D487 /* Sources */ = {
			isa = PBXSourcesBuildPhase;
			buildActionMask = 2147483647;
			files = (
				11BB379D1D38B9A00002D487 /* SevenColorMoviesUITests.m in Sources */,
			);
			runOnlyForDeploymentPostprocessing = 0;
		};
/* End PBXSourcesBuildPhase section */

/* Begin PBXTargetDependency section */
		11BB378F1D38B9A00002D487 /* PBXTargetDependency */ = {
			isa = PBXTargetDependency;
			target = 11BB37731D38B9A00002D487 /* SevenColorMovies */;
			targetProxy = 11BB378E1D38B9A00002D487 /* PBXContainerItemProxy */;
		};
		11BB379A1D38B9A00002D487 /* PBXTargetDependency */ = {
			isa = PBXTargetDependency;
			target = 11BB37731D38B9A00002D487 /* SevenColorMovies */;
			targetProxy = 11BB37991D38B9A00002D487 /* PBXContainerItemProxy */;
		};
/* End PBXTargetDependency section */

/* Begin PBXVariantGroup section */
		11BB37801D38B9A00002D487 /* Main.storyboard */ = {
			isa = PBXVariantGroup;
			children = (
				11BB37811D38B9A00002D487 /* Base */,
			);
			name = Main.storyboard;
			sourceTree = "<group>";
		};
/* End PBXVariantGroup section */

/* Begin XCBuildConfiguration section */
		11BB379F1D38B9A00002D487 /* Debug */ = {
			isa = XCBuildConfiguration;
			buildSettings = {
				ALWAYS_SEARCH_USER_PATHS = NO;
				CLANG_ANALYZER_NONNULL = YES;
				CLANG_CXX_LANGUAGE_STANDARD = "gnu++0x";
				CLANG_CXX_LIBRARY = "libc++";
				CLANG_ENABLE_MODULES = YES;
				CLANG_ENABLE_OBJC_ARC = YES;
				CLANG_WARN_BOOL_CONVERSION = YES;
				CLANG_WARN_CONSTANT_CONVERSION = YES;
				CLANG_WARN_DIRECT_OBJC_ISA_USAGE = YES_ERROR;
				CLANG_WARN_EMPTY_BODY = YES;
				CLANG_WARN_ENUM_CONVERSION = YES;
				CLANG_WARN_INT_CONVERSION = YES;
				CLANG_WARN_OBJC_ROOT_CLASS = YES_ERROR;
				CLANG_WARN_UNREACHABLE_CODE = YES;
				CLANG_WARN__DUPLICATE_METHOD_MATCH = YES;
				"CODE_SIGN_IDENTITY[sdk=iphoneos*]" = "iPhone Developer";
				COPY_PHASE_STRIP = NO;
				DEBUG_INFORMATION_FORMAT = dwarf;
				ENABLE_STRICT_OBJC_MSGSEND = YES;
				ENABLE_TESTABILITY = YES;
				GCC_C_LANGUAGE_STANDARD = gnu99;
				GCC_DYNAMIC_NO_PIC = NO;
				GCC_NO_COMMON_BLOCKS = YES;
				GCC_OPTIMIZATION_LEVEL = 0;
				GCC_PREPROCESSOR_DEFINITIONS = (
					"DEBUG=1",
					"$(inherited)",
				);
				GCC_WARN_64_TO_32_BIT_CONVERSION = YES;
				GCC_WARN_ABOUT_RETURN_TYPE = YES_ERROR;
				GCC_WARN_UNDECLARED_SELECTOR = YES;
				GCC_WARN_UNINITIALIZED_AUTOS = YES_AGGRESSIVE;
				GCC_WARN_UNUSED_FUNCTION = YES;
				GCC_WARN_UNUSED_VARIABLE = YES;
				IPHONEOS_DEPLOYMENT_TARGET = 9.3;
				MTL_ENABLE_DEBUG_INFO = YES;
				ONLY_ACTIVE_ARCH = YES;
				SDKROOT = iphoneos;
			};
			name = Debug;
		};
		11BB37A01D38B9A00002D487 /* Release */ = {
			isa = XCBuildConfiguration;
			buildSettings = {
				ALWAYS_SEARCH_USER_PATHS = NO;
				CLANG_ANALYZER_NONNULL = YES;
				CLANG_CXX_LANGUAGE_STANDARD = "gnu++0x";
				CLANG_CXX_LIBRARY = "libc++";
				CLANG_ENABLE_MODULES = YES;
				CLANG_ENABLE_OBJC_ARC = YES;
				CLANG_WARN_BOOL_CONVERSION = YES;
				CLANG_WARN_CONSTANT_CONVERSION = YES;
				CLANG_WARN_DIRECT_OBJC_ISA_USAGE = YES_ERROR;
				CLANG_WARN_EMPTY_BODY = YES;
				CLANG_WARN_ENUM_CONVERSION = YES;
				CLANG_WARN_INT_CONVERSION = YES;
				CLANG_WARN_OBJC_ROOT_CLASS = YES_ERROR;
				CLANG_WARN_UNREACHABLE_CODE = YES;
				CLANG_WARN__DUPLICATE_METHOD_MATCH = YES;
				"CODE_SIGN_IDENTITY[sdk=iphoneos*]" = "iPhone Developer";
				COPY_PHASE_STRIP = NO;
				DEBUG_INFORMATION_FORMAT = "dwarf-with-dsym";
				ENABLE_NS_ASSERTIONS = NO;
				ENABLE_STRICT_OBJC_MSGSEND = YES;
				GCC_C_LANGUAGE_STANDARD = gnu99;
				GCC_NO_COMMON_BLOCKS = YES;
				GCC_WARN_64_TO_32_BIT_CONVERSION = YES;
				GCC_WARN_ABOUT_RETURN_TYPE = YES_ERROR;
				GCC_WARN_UNDECLARED_SELECTOR = YES;
				GCC_WARN_UNINITIALIZED_AUTOS = YES_AGGRESSIVE;
				GCC_WARN_UNUSED_FUNCTION = YES;
				GCC_WARN_UNUSED_VARIABLE = YES;
				IPHONEOS_DEPLOYMENT_TARGET = 9.3;
				MTL_ENABLE_DEBUG_INFO = NO;
				SDKROOT = iphoneos;
				VALIDATE_PRODUCT = YES;
			};
			name = Release;
		};
		11BB37A21D38B9A00002D487 /* Debug */ = {
			isa = XCBuildConfiguration;
			baseConfigurationReference = BB7417922FA2A9215D327938 /* Pods-SevenColorMovies.debug.xcconfig */;
			buildSettings = {
				ASSETCATALOG_COMPILER_APPICON_NAME = AppIcon;
				ASSETCATALOG_COMPILER_LAUNCHIMAGE_NAME = LaunchImage;
				CODE_SIGN_IDENTITY = "iPhone Developer";
				"CODE_SIGN_IDENTITY[sdk=iphoneos*]" = "iPhone Developer: MengJiao Zhang (492V3PZ5UY)";
				GCC_PRECOMPILE_PREFIX_HEADER = YES;
				GCC_PREFIX_HEADER = /Users/yesdgq/Desktop/SevenColorMovies/SevenColorMovies/PrefixHeader.pch;
				INFOPLIST_FILE = SevenColorMovies/Info.plist;
				IPHONEOS_DEPLOYMENT_TARGET = 8.0;
				LD_RUNPATH_SEARCH_PATHS = "$(inherited) @executable_path/Frameworks";
				PRODUCT_BUNDLE_IDENTIFIER = com.midou.enpr;
				PRODUCT_NAME = "$(TARGET_NAME)";
				PROVISIONING_PROFILE = "d6f640e3-494f-446d-8396-d4e91e1e3e40";
			};
			name = Debug;
		};
		11BB37A31D38B9A00002D487 /* Release */ = {
			isa = XCBuildConfiguration;
			baseConfigurationReference = 44844E586861AA1504AA2D05 /* Pods-SevenColorMovies.release.xcconfig */;
			buildSettings = {
				ASSETCATALOG_COMPILER_APPICON_NAME = AppIcon;
				ASSETCATALOG_COMPILER_LAUNCHIMAGE_NAME = LaunchImage;
				CODE_SIGN_IDENTITY = "iPhone Developer";
				"CODE_SIGN_IDENTITY[sdk=iphoneos*]" = "iPhone Developer: MengJiao Zhang (492V3PZ5UY)";
				GCC_PRECOMPILE_PREFIX_HEADER = YES;
				GCC_PREFIX_HEADER = /Users/yesdgq/Desktop/SevenColorMovies/SevenColorMovies/PrefixHeader.pch;
				INFOPLIST_FILE = SevenColorMovies/Info.plist;
				IPHONEOS_DEPLOYMENT_TARGET = 8.0;
				LD_RUNPATH_SEARCH_PATHS = "$(inherited) @executable_path/Frameworks";
				PRODUCT_BUNDLE_IDENTIFIER = com.midou.enpr;
				PRODUCT_NAME = "$(TARGET_NAME)";
				PROVISIONING_PROFILE = "d6f640e3-494f-446d-8396-d4e91e1e3e40";
			};
			name = Release;
		};
		11BB37A51D38B9A00002D487 /* Debug */ = {
			isa = XCBuildConfiguration;
			buildSettings = {
				BUNDLE_LOADER = "$(TEST_HOST)";
				INFOPLIST_FILE = SevenColorMoviesTests/Info.plist;
				LD_RUNPATH_SEARCH_PATHS = "$(inherited) @executable_path/Frameworks @loader_path/Frameworks";
				PRODUCT_BUNDLE_IDENTIFIER = abc.SevenColorMoviesTests;
				PRODUCT_NAME = "$(TARGET_NAME)";
				TEST_HOST = "$(BUILT_PRODUCTS_DIR)/SevenColorMovies.app/SevenColorMovies";
			};
			name = Debug;
		};
		11BB37A61D38B9A00002D487 /* Release */ = {
			isa = XCBuildConfiguration;
			buildSettings = {
				BUNDLE_LOADER = "$(TEST_HOST)";
				INFOPLIST_FILE = SevenColorMoviesTests/Info.plist;
				LD_RUNPATH_SEARCH_PATHS = "$(inherited) @executable_path/Frameworks @loader_path/Frameworks";
				PRODUCT_BUNDLE_IDENTIFIER = abc.SevenColorMoviesTests;
				PRODUCT_NAME = "$(TARGET_NAME)";
				TEST_HOST = "$(BUILT_PRODUCTS_DIR)/SevenColorMovies.app/SevenColorMovies";
			};
			name = Release;
		};
		11BB37A81D38B9A00002D487 /* Debug */ = {
			isa = XCBuildConfiguration;
			buildSettings = {
				INFOPLIST_FILE = SevenColorMoviesUITests/Info.plist;
				LD_RUNPATH_SEARCH_PATHS = "$(inherited) @executable_path/Frameworks @loader_path/Frameworks";
				PRODUCT_BUNDLE_IDENTIFIER = abc.SevenColorMoviesUITests;
				PRODUCT_NAME = "$(TARGET_NAME)";
				TEST_TARGET_NAME = SevenColorMovies;
			};
			name = Debug;
		};
		11BB37A91D38B9A00002D487 /* Release */ = {
			isa = XCBuildConfiguration;
			buildSettings = {
				INFOPLIST_FILE = SevenColorMoviesUITests/Info.plist;
				LD_RUNPATH_SEARCH_PATHS = "$(inherited) @executable_path/Frameworks @loader_path/Frameworks";
				PRODUCT_BUNDLE_IDENTIFIER = abc.SevenColorMoviesUITests;
				PRODUCT_NAME = "$(TARGET_NAME)";
				TEST_TARGET_NAME = SevenColorMovies;
			};
			name = Release;
		};
/* End XCBuildConfiguration section */

/* Begin XCConfigurationList section */
		11BB376F1D38B9A00002D487 /* Build configuration list for PBXProject "SevenColorMovies" */ = {
			isa = XCConfigurationList;
			buildConfigurations = (
				11BB379F1D38B9A00002D487 /* Debug */,
				11BB37A01D38B9A00002D487 /* Release */,
			);
			defaultConfigurationIsVisible = 0;
			defaultConfigurationName = Release;
		};
		11BB37A11D38B9A00002D487 /* Build configuration list for PBXNativeTarget "SevenColorMovies" */ = {
			isa = XCConfigurationList;
			buildConfigurations = (
				11BB37A21D38B9A00002D487 /* Debug */,
				11BB37A31D38B9A00002D487 /* Release */,
			);
			defaultConfigurationIsVisible = 0;
			defaultConfigurationName = Release;
		};
		11BB37A41D38B9A00002D487 /* Build configuration list for PBXNativeTarget "SevenColorMoviesTests" */ = {
			isa = XCConfigurationList;
			buildConfigurations = (
				11BB37A51D38B9A00002D487 /* Debug */,
				11BB37A61D38B9A00002D487 /* Release */,
			);
			defaultConfigurationIsVisible = 0;
			defaultConfigurationName = Release;
		};
		11BB37A71D38B9A00002D487 /* Build configuration list for PBXNativeTarget "SevenColorMoviesUITests" */ = {
			isa = XCConfigurationList;
			buildConfigurations = (
				11BB37A81D38B9A00002D487 /* Debug */,
				11BB37A91D38B9A00002D487 /* Release */,
			);
			defaultConfigurationIsVisible = 0;
			defaultConfigurationName = Release;
		};
/* End XCConfigurationList section */
	};
	rootObject = 11BB376C1D38B9A00002D487 /* Project object */;
}
